# This file is automatically @generated by Cargo.
# It is not intended for manual editing.
version = 3

[[package]]
name = "aho-corasick"
version = "0.7.19"
source = "registry+https://github.com/rust-lang/crates.io-index"
checksum = "b4f55bd91a0978cbfd91c457a164bab8b4001c833b7f323132c0a4e1922dd44e"
dependencies = [
 "memchr",
]

[[package]]
name = "atty"
version = "0.2.14"
source = "registry+https://github.com/rust-lang/crates.io-index"
checksum = "d9b39be18770d11421cdb1b9947a45dd3f37e93092cbf377614828a319d5fee8"
dependencies = [
 "hermit-abi",
 "libc",
 "winapi",
]

[[package]]
name = "autocfg"
version = "1.1.0"
source = "registry+https://github.com/rust-lang/crates.io-index"
checksum = "d468802bab17cbc0cc575e9b053f41e72aa36bfa6b7f55e3529ffa43161b97fa"

[[package]]
name = "cfg-if"
version = "1.0.0"
source = "registry+https://github.com/rust-lang/crates.io-index"
checksum = "baf1de4339761588bc0619e3cbc0120ee582ebb74b53b4efbf79117bd2da40fd"

[[package]]
name = "deduplicating_array"
version = "0.1.4"
source = "registry+https://github.com/rust-lang/crates.io-index"
checksum = "0b5426e8a7610ceca8b2f2c40a25ddd4476606c96a0c1e3524fdfdbeb64c1331"
dependencies = [
 "serde",
]

[[package]]
name = "displaydoc"
version = "0.2.3"
source = "registry+https://github.com/rust-lang/crates.io-index"
checksum = "3bf95dc3f046b9da4f2d51833c0d3547d8564ef6910f5c1ed130306a75b92886"
dependencies = [
 "proc-macro2",
 "quote",
 "syn",
]

[[package]]
name = "either"
version = "1.8.0"
source = "registry+https://github.com/rust-lang/crates.io-index"
checksum = "90e5c1c8368803113bf0c9584fc495a58b86dc8a29edbf8fe877d21d9507e797"

[[package]]
name = "env_logger"
version = "0.9.1"
source = "registry+https://github.com/rust-lang/crates.io-index"
checksum = "c90bf5f19754d10198ccb95b70664fc925bd1fc090a0fd9a6ebc54acc8cd6272"
dependencies = [
 "atty",
 "humantime",
 "log",
 "regex",
 "termcolor",
]

[[package]]
name = "executor"
version = "0.1.0"
dependencies = [
 "env_logger",
 "fixed_decimal",
 "icu",
 "icu_compactdecimal",
 "icu_displaynames",
 "icu_locid",
 "icu_provider",
 "icu_testdata",
 "json",
 "log",
 "rustc_version_runtime",
 "serde",
 "serde_json",
 "substring",
 "writeable",
]

[[package]]
name = "fixed_decimal"
version = "0.5.3"
source = "registry+https://github.com/rust-lang/crates.io-index"
checksum = "1c9eab2dd2aadbc55056ed228ccc4be42d07cd61aee72d48768f8ac2e4ab7d54"
dependencies = [
 "displaydoc",
 "smallvec",
 "writeable",
]

[[package]]
name = "hermit-abi"
version = "0.1.19"
source = "registry+https://github.com/rust-lang/crates.io-index"
checksum = "62b467343b94ba476dcb2500d242dadbb39557df889310ac77c5d99100aaac33"
dependencies = [
 "libc",
]

[[package]]
name = "humantime"
version = "2.1.0"
source = "registry+https://github.com/rust-lang/crates.io-index"
checksum = "9a3a5bfb195931eeb336b2a7b4d761daec841b97f947d34394601737a7bba5e4"

[[package]]
name = "icu"
version = "1.2.0"
source = "registry+https://github.com/rust-lang/crates.io-index"
checksum = "c200640729e9f7cf6a7a1140dbf797121b70e8f2d1f347090aff8394f7e8f863"
dependencies = [
 "icu_calendar",
 "icu_casemapping",
 "icu_collator",
 "icu_collections",
 "icu_datetime",
 "icu_decimal",
 "icu_displaynames",
 "icu_list",
 "icu_locid",
 "icu_locid_transform",
 "icu_normalizer",
 "icu_plurals",
 "icu_properties",
 "icu_provider",
 "icu_relativetime",
 "icu_segmenter",
 "icu_timezone",
]

[[package]]
name = "icu_calendar"
version = "1.2.0"
source = "registry+https://github.com/rust-lang/crates.io-index"
checksum = "dee1e8c25ed44743d03e2d58ca1c0226786dc1aac1f9cb27485e2da2de5e0918"
dependencies = [
 "displaydoc",
 "icu_locid",
 "icu_provider",
 "serde",
 "tinystr",
 "writeable",
 "zerovec",
]

[[package]]
name = "icu_casemapping"
version = "0.7.2"
source = "registry+https://github.com/rust-lang/crates.io-index"
checksum = "44be22dcbc418f34dbf0fc444a538fdeac5bd52c8688ad6f328603a90af9c2e0"
dependencies = [
 "displaydoc",
 "icu_collections",
 "icu_locid",
 "icu_provider",
 "serde",
 "yoke",
 "zerovec",
]

[[package]]
name = "icu_collator"
version = "1.2.0"
source = "registry+https://github.com/rust-lang/crates.io-index"
checksum = "088882827079b243dc01883f92290dd3952b656faddc7a2972e6d3ab47e1fc7a"
dependencies = [
 "displaydoc",
 "icu_collections",
 "icu_locid",
 "icu_normalizer",
 "icu_properties",
 "icu_provider",
 "serde",
 "smallvec",
 "utf16_iter",
 "utf8_iter",
 "zerovec",
]

[[package]]
name = "icu_collections"
version = "1.2.0"
source = "registry+https://github.com/rust-lang/crates.io-index"
checksum = "ef8302d8dfd6044d3ddb3f807a5ef3d7bbca9a574959c6d6e4dc39aa7012d0d5"
dependencies = [
 "displaydoc",
 "serde",
 "yoke",
 "zerofrom",
 "zerovec",
]

[[package]]
name = "icu_compactdecimal"
version = "0.2.0"
source = "registry+https://github.com/rust-lang/crates.io-index"
checksum = "c5beccaf2a6328d0860a8bca9b20d84a70af7c7d09536fa184f0c4401d044b57"
dependencies = [
 "displaydoc",
 "fixed_decimal",
 "icu_decimal",
 "icu_plurals",
 "icu_provider",
 "writeable",
 "zerovec",
]

[[package]]
name = "icu_datetime"
version = "1.2.1"
source = "registry+https://github.com/rust-lang/crates.io-index"
checksum = "72d61014bb8604505baa84ed522aa039951bd81177828d165e80ea8a0543c8a7"
dependencies = [
 "displaydoc",
 "either",
 "fixed_decimal",
 "icu_calendar",
 "icu_decimal",
 "icu_locid",
 "icu_plurals",
 "icu_provider",
 "icu_timezone",
 "litemap",
 "serde",
 "smallvec",
 "tinystr",
 "writeable",
 "zerovec",
]

[[package]]
name = "icu_decimal"
version = "1.2.0"
source = "registry+https://github.com/rust-lang/crates.io-index"
checksum = "839d40602460578482205f1def416a6442cf29a24dc366aa8cf8d9f95a53c9d2"
dependencies = [
 "displaydoc",
 "fixed_decimal",
 "icu_locid",
 "icu_provider",
 "serde",
 "writeable",
]

[[package]]
name = "icu_displaynames"
version = "0.10.0"
source = "registry+https://github.com/rust-lang/crates.io-index"
checksum = "5a689e3da02298e6681cda6d02e30bb449f46e941664e5f372a64c15bf934369"
dependencies = [
 "icu_collections",
 "icu_locid",
 "icu_provider",
 "serde",
 "tinystr",
 "zerovec",
]

[[package]]
name = "icu_list"
version = "1.2.0"
source = "registry+https://github.com/rust-lang/crates.io-index"
checksum = "fd7ba7442d9235b689d4fdce17c452ea229934980fd81ba50cc28275752c9f90"
dependencies = [
 "deduplicating_array",
 "displaydoc",
 "icu_provider",
 "regex-automata",
 "serde",
 "writeable",
]

[[package]]
name = "icu_locid"
version = "1.2.0"
source = "registry+https://github.com/rust-lang/crates.io-index"
checksum = "3003f85dccfc0e238ff567693248c59153a46f4e6125ba4020b973cef4d1d335"
dependencies = [
 "displaydoc",
 "litemap",
 "serde",
 "tinystr",
 "writeable",
 "zerovec",
]

[[package]]
name = "icu_locid_transform"
version = "1.2.1"
source = "registry+https://github.com/rust-lang/crates.io-index"
checksum = "fd89f392982141a878a9321c9298cce46d14e1c17efc5f428dbfd96b443e57d0"
dependencies = [
 "displaydoc",
 "icu_locid",
 "icu_provider",
 "serde",
 "tinystr",
 "zerovec",
]

[[package]]
name = "icu_normalizer"
version = "1.2.0"
source = "registry+https://github.com/rust-lang/crates.io-index"
checksum = "652869735c9fb9f5a64ba180ee16f2c848390469c116deef517ecc53f4343598"
dependencies = [
 "displaydoc",
 "icu_collections",
 "icu_properties",
 "icu_provider",
 "serde",
 "smallvec",
 "utf16_iter",
 "utf8_iter",
 "write16",
 "zerovec",
]

[[package]]
name = "icu_plurals"
version = "1.2.0"
source = "registry+https://github.com/rust-lang/crates.io-index"
checksum = "a18fbe19656b3cbae9a40a27b0303f06b2b51165e3b06d596dfdff8f06bfce9a"
dependencies = [
 "displaydoc",
 "fixed_decimal",
 "icu_locid",
 "icu_provider",
 "serde",
 "zerovec",
]

[[package]]
name = "icu_properties"
version = "1.2.0"
source = "registry+https://github.com/rust-lang/crates.io-index"
checksum = "ce0e1aa26851f16c9e04412a5911c86b7f8768dac8f8d4c5f1c568a7e5d7a434"
dependencies = [
 "displaydoc",
 "icu_collections",
 "icu_provider",
 "serde",
 "tinystr",
 "zerovec",
]

[[package]]
name = "icu_provider"
version = "1.2.0"
source = "registry+https://github.com/rust-lang/crates.io-index"
checksum = "8dc312a7b6148f7dfe098047ae2494d12d4034f48ade58d4f353000db376e305"
dependencies = [
 "displaydoc",
 "icu_locid",
 "icu_provider_macros",
 "serde",
 "stable_deref_trait",
 "writeable",
 "yoke",
 "zerofrom",
 "zerovec",
]

[[package]]
name = "icu_provider_adapters"
version = "1.2.0"
source = "registry+https://github.com/rust-lang/crates.io-index"
checksum = "f4ae1e2bd0c41728b77e7c46e9afdec5e2127d1eedacc684724667d50c126bd3"
dependencies = [
 "icu_locid",
 "icu_provider",
 "tinystr",
 "yoke",
 "zerovec",
]

[[package]]
name = "icu_provider_macros"
version = "1.2.0"
source = "registry+https://github.com/rust-lang/crates.io-index"
checksum = "dd8b728b9421e93eff1d9f8681101b78fa745e0748c95c655c83f337044a7e10"
dependencies = [
 "proc-macro2",
 "quote",
 "syn",
]

[[package]]
name = "icu_relativetime"
version = "0.1.1"
source = "registry+https://github.com/rust-lang/crates.io-index"
checksum = "28810733e575bda56b7b20581b202908138125904ed87fd5c3db242a79232471"
dependencies = [
 "displaydoc",
 "fixed_decimal",
 "icu_decimal",
 "icu_plurals",
 "icu_provider",
 "serde",
 "writeable",
 "zerovec",
]

[[package]]
name = "icu_segmenter"
version = "1.2.1"
source = "registry+https://github.com/rust-lang/crates.io-index"
checksum = "c3300a7b6bf187be98a57264ad094f11f2e062c2e8263132af010ff522ee5495"
dependencies = [
 "displaydoc",
 "icu_collections",
 "icu_locid",
 "icu_provider",
 "num-traits",
 "serde",
 "utf8_iter",
 "zerovec",
]

[[package]]
name = "icu_testdata"
version = "1.2.0"
source = "registry+https://github.com/rust-lang/crates.io-index"
checksum = "50c91edb7412e04e7f71ec935d0b88954c6d414ad21ede85ab80d512e27540c9"
dependencies = [
 "icu_calendar",
 "icu_collator",
 "icu_collections",
 "icu_datetime",
 "icu_decimal",
 "icu_list",
 "icu_locid",
 "icu_locid_transform",
 "icu_normalizer",
 "icu_plurals",
 "icu_properties",
 "icu_provider",
 "icu_provider_adapters",
 "icu_segmenter",
 "icu_timezone",
 "zerovec",
]

[[package]]
name = "icu_timezone"
version = "1.2.0"
source = "registry+https://github.com/rust-lang/crates.io-index"
checksum = "5e22da75a450de2d54161838efa9e1a1f5baa7bc1fffdb015f260e0992b01977"
dependencies = [
 "displaydoc",
 "icu_calendar",
 "icu_locid",
 "icu_provider",
 "serde",
 "tinystr",
 "zerovec",
]

[[package]]
name = "itoa"
version = "1.0.3"
source = "registry+https://github.com/rust-lang/crates.io-index"
checksum = "6c8af84674fe1f223a982c933a0ee1086ac4d4052aa0fb8060c12c6ad838e754"

[[package]]
name = "json"
version = "0.12.4"
source = "registry+https://github.com/rust-lang/crates.io-index"
checksum = "078e285eafdfb6c4b434e0d31e8cfcb5115b651496faca5749b88fafd4f23bfd"

[[package]]
name = "libc"
version = "0.2.136"
source = "registry+https://github.com/rust-lang/crates.io-index"
checksum = "55edcf6c0bb319052dea84732cf99db461780fd5e8d3eb46ab6ff312ab31f197"

[[package]]
name = "libm"
version = "0.2.7"
source = "registry+https://github.com/rust-lang/crates.io-index"
checksum = "f7012b1bbb0719e1097c47611d3898568c546d597c2e74d66f6087edd5233ff4"

[[package]]
name = "litemap"
version = "0.7.0"
source = "registry+https://github.com/rust-lang/crates.io-index"
checksum = "3a04a5b2b6f54acba899926491d0a6c59d98012938ca2ab5befb281c034e8f94"
dependencies = [
 "serde",
]

[[package]]
name = "log"
version = "0.4.17"
source = "registry+https://github.com/rust-lang/crates.io-index"
checksum = "abb12e687cfb44aa40f41fc3978ef76448f9b6038cad6aef4259d3c095a2382e"
dependencies = [
 "cfg-if",
]

[[package]]
name = "memchr"
version = "2.5.0"
source = "registry+https://github.com/rust-lang/crates.io-index"
checksum = "2dffe52ecf27772e601905b7522cb4ef790d2cc203488bbd0e2fe85fcb74566d"

[[package]]
name = "num-traits"
version = "0.2.15"
source = "registry+https://github.com/rust-lang/crates.io-index"
checksum = "578ede34cf02f8924ab9447f50c28075b4d3e5b269972345e7e0372b38c6cdcd"
dependencies = [
 "autocfg",
 "libm",
]

[[package]]
name = "proc-macro2"
version = "1.0.46"
source = "registry+https://github.com/rust-lang/crates.io-index"
checksum = "94e2ef8dbfc347b10c094890f778ee2e36ca9bb4262e86dc99cd217e35f3470b"
dependencies = [
 "unicode-ident",
]

[[package]]
name = "quote"
version = "1.0.21"
source = "registry+https://github.com/rust-lang/crates.io-index"
checksum = "bbe448f377a7d6961e30f5955f9b8d106c3f5e449d493ee1b125c1d43c2b5179"
dependencies = [
 "proc-macro2",
]

[[package]]
name = "regex"
version = "1.6.0"
source = "registry+https://github.com/rust-lang/crates.io-index"
checksum = "4c4eb3267174b8c6c2f654116623910a0fef09c4753f8dd83db29c48a0df988b"
dependencies = [
 "aho-corasick",
 "memchr",
 "regex-syntax",
]

[[package]]
name = "regex-automata"
version = "0.2.0"
source = "registry+https://github.com/rust-lang/crates.io-index"
checksum = "e9368763f5a9b804326f3af749e16f9abf378d227bcdee7634b13d8f17793782"
dependencies = [
 "memchr",
]

[[package]]
name = "regex-syntax"
version = "0.6.27"
source = "registry+https://github.com/rust-lang/crates.io-index"
checksum = "a3f87b73ce11b1619a3c6332f45341e0047173771e8b8b73f87bfeefb7b56244"

[[package]]
name = "rustc_version"
version = "0.2.3"
source = "registry+https://github.com/rust-lang/crates.io-index"
checksum = "138e3e0acb6c9fb258b19b67cb8abd63c00679d2851805ea151465464fe9030a"
dependencies = [
 "semver",
]

[[package]]
name = "rustc_version_runtime"
version = "0.1.5"
source = "registry+https://github.com/rust-lang/crates.io-index"
checksum = "6de8ecd7fad7731f306f69b6e10ec5a3178c61e464dcc06979427aa4cc891145"
dependencies = [
 "rustc_version",
 "semver",
]

[[package]]
name = "ryu"
version = "1.0.11"
source = "registry+https://github.com/rust-lang/crates.io-index"
checksum = "4501abdff3ae82a1c1b477a17252eb69cee9e66eb915c1abaa4f44d873df9f09"

[[package]]
name = "semver"
version = "0.9.0"
source = "registry+https://github.com/rust-lang/crates.io-index"
checksum = "1d7eb9ef2c18661902cc47e535f9bc51b78acd254da71d375c2f6720d9a40403"
dependencies = [
 "semver-parser",
]

[[package]]
name = "semver-parser"
version = "0.7.0"
source = "registry+https://github.com/rust-lang/crates.io-index"
checksum = "388a1df253eca08550bef6c72392cfe7c30914bf41df5269b68cbd6ff8f570a3"

[[package]]
name = "serde"
version = "1.0.145"
source = "registry+https://github.com/rust-lang/crates.io-index"
checksum = "728eb6351430bccb993660dfffc5a72f91ccc1295abaa8ce19b27ebe4f75568b"
dependencies = [
 "serde_derive",
]

[[package]]
name = "serde_derive"
version = "1.0.145"
source = "registry+https://github.com/rust-lang/crates.io-index"
checksum = "81fa1584d3d1bcacd84c277a0dfe21f5b0f6accf4a23d04d4c6d61f1af522b4c"
dependencies = [
 "proc-macro2",
 "quote",
 "syn",
]

[[package]]
name = "serde_json"
version = "1.0.85"
source = "registry+https://github.com/rust-lang/crates.io-index"
checksum = "e55a28e3aaef9d5ce0506d0a14dbba8054ddc7e499ef522dd8b26859ec9d4a44"
dependencies = [
 "itoa",
 "ryu",
 "serde",
]

[[package]]
name = "smallvec"
version = "1.9.0"
source = "registry+https://github.com/rust-lang/crates.io-index"
checksum = "2fd0db749597d91ff862fd1d55ea87f7855a744a8425a64695b6fca237d1dad1"
dependencies = [
 "serde",
]

[[package]]
name = "stable_deref_trait"
version = "1.2.0"
source = "registry+https://github.com/rust-lang/crates.io-index"
checksum = "a8f112729512f8e442d81f95a8a7ddf2b7c6b8a1a6f509a95864142b30cab2d3"

[[package]]
name = "substring"
version = "1.4.5"
source = "registry+https://github.com/rust-lang/crates.io-index"
checksum = "42ee6433ecef213b2e72f587ef64a2f5943e7cd16fbd82dbe8bc07486c534c86"
dependencies = [
 "autocfg",
]

[[package]]
name = "syn"
version = "1.0.101"
source = "registry+https://github.com/rust-lang/crates.io-index"
checksum = "e90cde112c4b9690b8cbe810cba9ddd8bc1d7472e2cae317b69e9438c1cba7d2"
dependencies = [
 "proc-macro2",
 "quote",
 "unicode-ident",
]

[[package]]
name = "synstructure"
version = "0.12.6"
source = "registry+https://github.com/rust-lang/crates.io-index"
checksum = "f36bdaa60a83aca3921b5259d5400cbf5e90fc51931376a9bd4a0eb79aa7210f"
dependencies = [
 "proc-macro2",
 "quote",
 "syn",
 "unicode-xid",
]

[[package]]
name = "termcolor"
version = "1.1.3"
source = "registry+https://github.com/rust-lang/crates.io-index"
checksum = "bab24d30b911b2376f3a13cc2cd443142f0c81dda04c118693e35b3835757755"
dependencies = [
 "winapi-util",
]

[[package]]
name = "tinystr"
version = "0.7.1"
source = "registry+https://github.com/rust-lang/crates.io-index"
checksum = "7ac3f5b6856e931e15e07b478e98c8045239829a65f9156d4fa7e7788197a5ef"
dependencies = [
 "displaydoc",
 "serde",
 "zerovec",
]

[[package]]
name = "unicode-ident"
version = "1.0.4"
source = "registry+https://github.com/rust-lang/crates.io-index"
checksum = "dcc811dc4066ac62f84f11307873c4850cb653bfa9b1719cee2bd2204a4bc5dd"

[[package]]
name = "unicode-xid"
version = "0.2.4"
source = "registry+https://github.com/rust-lang/crates.io-index"
checksum = "f962df74c8c05a667b5ee8bcf162993134c104e96440b663c8daa176dc772d8c"

[[package]]
name = "utf16_iter"
version = "1.0.4"
source = "registry+https://github.com/rust-lang/crates.io-index"
checksum = "52df8b7fb78e7910d776fccf2e42ceaf3604d55e8e7eb2dbd183cb1441d8a692"

[[package]]
name = "utf8_iter"
version = "1.0.3"
source = "registry+https://github.com/rust-lang/crates.io-index"
checksum = "64a8922555b9500e3d865caed19330172cd67cbf82203f1a3311d8c305cc9f33"

[[package]]
name = "winapi"
version = "0.3.9"
source = "registry+https://github.com/rust-lang/crates.io-index"
checksum = "5c839a674fcd7a98952e593242ea400abe93992746761e38641405d28b00f419"
dependencies = [
 "winapi-i686-pc-windows-gnu",
 "winapi-x86_64-pc-windows-gnu",
]

[[package]]
name = "winapi-i686-pc-windows-gnu"
version = "0.4.0"
source = "registry+https://github.com/rust-lang/crates.io-index"
checksum = "ac3b87c63620426dd9b991e5ce0329eff545bccbbb34f3be09ff6fb6ab51b7b6"

[[package]]
name = "winapi-util"
version = "0.1.5"
source = "registry+https://github.com/rust-lang/crates.io-index"
checksum = "70ec6ce85bb158151cae5e5c87f95a8e97d2c0c4b001223f33a334e3ce5de178"
dependencies = [
 "winapi",
]

[[package]]
name = "winapi-x86_64-pc-windows-gnu"
version = "0.4.0"
source = "registry+https://github.com/rust-lang/crates.io-index"
checksum = "712e227841d057c1ee1cd2fb22fa7e5a5461ae8e48fa2ca79ec42cfc1931183f"

[[package]]
name = "write16"
version = "1.0.0"
source = "registry+https://github.com/rust-lang/crates.io-index"
checksum = "d1890f4022759daae28ed4fe62859b1236caebfc61ede2f63ed4e695f3f6d936"

[[package]]
name = "writeable"
version = "0.5.2"
source = "registry+https://github.com/rust-lang/crates.io-index"
checksum = "60e49e42bdb1d5dc76f4cd78102f8f0714d32edfa3efb82286eb0f0b1fc0da0f"

[[package]]
name = "yoke"
version = "0.7.1"
source = "registry+https://github.com/rust-lang/crates.io-index"
checksum = "1848075a23a28f9773498ee9a0f2cf58fcbad4f8c0ccf84a210ab33c6ae495de"
dependencies = [
 "serde",
 "stable_deref_trait",
 "yoke-derive",
 "zerofrom",
]

[[package]]
name = "yoke-derive"
version = "0.7.1"
source = "registry+https://github.com/rust-lang/crates.io-index"
checksum = "af46c169923ed7516eef0aa32b56d2651b229f57458ebe46b49ddd6efef5b7a2"
dependencies = [
 "proc-macro2",
 "quote",
 "syn",
 "synstructure",
]

[[package]]
name = "zerofrom"
version = "0.1.1"
source = "registry+https://github.com/rust-lang/crates.io-index"
checksum = "79e9355fccf72b04b7deaa99ce7a0f6630530acf34045391b74460fcd714de54"
dependencies = [
 "zerofrom-derive",
]

[[package]]
name = "zerofrom-derive"
version = "0.1.0"
source = "registry+https://github.com/rust-lang/crates.io-index"
checksum = "8785f47d6062c1932866147f91297286a9f350b3070e9d9f0b6078e37d623c1a"
dependencies = [
 "proc-macro2",
 "quote",
 "syn",
 "synstructure",
]

[[package]]
name = "zerovec"
version = "0.9.4"
source = "registry+https://github.com/rust-lang/crates.io-index"
checksum = "198f54134cd865f437820aa3b43d0ad518af4e68ee161b444cdd15d8e567c8ea"
dependencies = [
 "serde",
 "yoke",
 "zerofrom",
 "zerovec-derive",
]

[[package]]
name = "zerovec-derive"
version = "0.9.4"
source = "registry+https://github.com/rust-lang/crates.io-index"
checksum = "486558732d5dde10d0f8cb2936507c1bb21bc539d924c949baf5f36a58e51bac"
dependencies = [
 "proc-macro2",
 "quote",
 "syn",
 "synstructure",
]
