# This file is automatically @generated by Cargo.
# It is not intended for manual editing.
version = 3

[[package]]
name = "adler2"
version = "2.0.0"
source = "registry+https://github.com/rust-lang/crates.io-index"
checksum = "512761e0bb2578dd7380c6baaa0f4ce03e84f95e960231d1dec8bf4d7d6e2627"

[[package]]
name = "aho-corasick"
version = "1.1.3"
source = "registry+https://github.com/rust-lang/crates.io-index"
checksum = "8e60d3430d3a69478ad0993f19238d2df97c507009a52b3c10addcd7f6bcb916"
dependencies = [
 "memchr",
]

[[package]]
name = "atty"
version = "0.2.14"
source = "registry+https://github.com/rust-lang/crates.io-index"
checksum = "d9b39be18770d11421cdb1b9947a45dd3f37e93092cbf377614828a319d5fee8"
dependencies = [
 "hermit-abi",
 "libc",
 "winapi",
]

[[package]]
name = "autocfg"
version = "1.4.0"
source = "registry+https://github.com/rust-lang/crates.io-index"
checksum = "ace50bade8e6234aa140d9a2f552bbee1db4d353f69b8217bc503490fc1a9f26"

[[package]]
name = "byteorder"
version = "1.5.0"
source = "registry+https://github.com/rust-lang/crates.io-index"
checksum = "1fd0f2584146f6f2ef48085050886acf353beff7305ebd1ae69500e27c67f64b"

[[package]]
name = "calendrical_calculations"
version = "0.1.2"
source = "registry+https://github.com/rust-lang/crates.io-index"
checksum = "f27ca2b6e2f7d75f43e001ded6f25e79b80bded5abbe764cbdf78c25a3051f4b"
dependencies = [
 "core_maths",
 "displaydoc",
]

[[package]]
name = "camino"
version = "1.1.9"
source = "registry+https://github.com/rust-lang/crates.io-index"
checksum = "8b96ec4966b5813e2c0507c1f86115c8c5abaadc3980879c3424042a02fd1ad3"
dependencies = [
 "serde",
]

[[package]]
name = "cargo-platform"
version = "0.1.8"
source = "registry+https://github.com/rust-lang/crates.io-index"
checksum = "24b1f0365a6c6bb4020cd05806fd0d33c44d38046b8bd7f0e40814b9763cabfc"
dependencies = [
 "serde",
]

[[package]]
name = "cargo_metadata"
version = "0.18.1"
source = "registry+https://github.com/rust-lang/crates.io-index"
checksum = "2d886547e41f740c616ae73108f6eb70afe6d940c7bc697cb30f13daec073037"
dependencies = [
 "camino",
 "cargo-platform",
 "semver 1.0.24",
 "serde",
 "serde_json",
 "thiserror",
]

[[package]]
name = "cfg-if"
version = "1.0.0"
source = "registry+https://github.com/rust-lang/crates.io-index"
checksum = "baf1de4339761588bc0619e3cbc0120ee582ebb74b53b4efbf79117bd2da40fd"

[[package]]
name = "cobs"
version = "0.2.3"
source = "registry+https://github.com/rust-lang/crates.io-index"
checksum = "67ba02a97a2bd10f4b59b25c7973101c79642302776489e030cd13cdab09ed15"

[[package]]
name = "core_maths"
version = "0.1.0"
source = "registry+https://github.com/rust-lang/crates.io-index"
checksum = "e3b02505ccb8c50b0aa21ace0fc08c3e53adebd4e58caa18a36152803c7709a3"
dependencies = [
 "libm",
]

[[package]]
name = "crc32fast"
version = "1.4.2"
source = "registry+https://github.com/rust-lang/crates.io-index"
checksum = "a97769d94ddab943e4510d138150169a2758b5ef3eb191a9ee688de3e23ef7b3"
dependencies = [
 "cfg-if",
]

[[package]]
name = "crossbeam-utils"
version = "0.8.21"
source = "registry+https://github.com/rust-lang/crates.io-index"
checksum = "d0a5c400df2834b80a4c3327b3aad3a4c4cd4de0629063962b03235697506a28"

[[package]]
name = "databake"
version = "0.2.0"
source = "registry+https://github.com/rust-lang/crates.io-index"
checksum = "ff6ee9e2d2afb173bcdeee45934c89ec341ab26f91c9933774fc15c2b58f83ef"
dependencies = [
 "databake-derive",
 "proc-macro2",
 "quote",
]

[[package]]
name = "databake-derive"
version = "0.2.0"
source = "registry+https://github.com/rust-lang/crates.io-index"
checksum = "6834770958c7b84223607e49758ec0dde273c4df915e734aad50f62968a4c134"
dependencies = [
 "proc-macro2",
 "quote",
 "syn",
 "synstructure",
]

[[package]]
name = "displaydoc"
version = "0.2.5"
source = "registry+https://github.com/rust-lang/crates.io-index"
checksum = "97369cbbc041bc366949bc74d34658d6cda5621039731c6310521892a3a20ae0"
dependencies = [
 "proc-macro2",
 "quote",
 "syn",
]

[[package]]
name = "either"
version = "1.13.0"
source = "registry+https://github.com/rust-lang/crates.io-index"
checksum = "60b1af1c220855b6ceac025d3f6ecdd2b7c4894bfe9cd9bda4fbb4bc7c0d4cf0"

[[package]]
name = "elsa"
version = "1.10.0"
source = "registry+https://github.com/rust-lang/crates.io-index"
checksum = "d98e71ae4df57d214182a2e5cb90230c0192c6ddfcaa05c36453d46a54713e10"
dependencies = [
 "stable_deref_trait",
]

[[package]]
name = "env_logger"
version = "0.9.3"
source = "registry+https://github.com/rust-lang/crates.io-index"
checksum = "a12e6657c4c97ebab115a42dcee77225f7f482cdd841cf7088c657a42e9e00e7"
dependencies = [
 "atty",
 "humantime",
 "log",
 "regex",
 "termcolor",
]

[[package]]
name = "erased-serde"
version = "0.3.31"
source = "registry+https://github.com/rust-lang/crates.io-index"
checksum = "6c138974f9d5e7fe373eb04df7cae98833802ae4b11c24ac7039a21d5af4b26c"
dependencies = [
 "serde",
]

[[package]]
name = "executor"
version = "0.0.0"
dependencies = [
 "cargo_metadata",
 "env_logger",
 "fixed_decimal",
 "icu",
 "icu_provider",
 "icu_provider_source",
 "ixdtf",
 "json",
 "log",
 "rustc_version_runtime",
 "serde",
 "serde_json",
 "tinystr",
 "writeable",
]

[[package]]
name = "fixed_decimal"
version = "0.6.0"
source = "registry+https://github.com/rust-lang/crates.io-index"
checksum = "b2f5b60bc3750aadc404a15ef30f46b395ad4759e393b665691fd5c3a5b2d9b0"
dependencies = [
 "displaydoc",
 "smallvec",
 "writeable",
]

[[package]]
name = "flate2"
version = "1.0.35"
source = "registry+https://github.com/rust-lang/crates.io-index"
checksum = "c936bfdafb507ebbf50b8074c54fa31c5be9a1e7e5f467dd659697041407d07c"
dependencies = [
 "crc32fast",
 "miniz_oxide",
]

[[package]]
name = "hermit-abi"
version = "0.1.19"
source = "registry+https://github.com/rust-lang/crates.io-index"
checksum = "62b467343b94ba476dcb2500d242dadbb39557df889310ac77c5d99100aaac33"
dependencies = [
 "libc",
]

[[package]]
name = "humantime"
version = "2.1.0"
source = "registry+https://github.com/rust-lang/crates.io-index"
checksum = "9a3a5bfb195931eeb336b2a7b4d761daec841b97f947d34394601737a7bba5e4"

[[package]]
name = "icu"
version = "2.0.0-beta1"
source = "registry+https://github.com/rust-lang/crates.io-index"
checksum = "03a2b5d3c6f278bada428d68fefecb97f3148b5bdd4f764a7c2c00c48de6dca0"
dependencies = [
 "icu_calendar",
 "icu_casemap",
 "icu_collator",
 "icu_collections",
 "icu_datetime",
 "icu_decimal",
 "icu_experimental",
 "icu_list",
 "icu_locale",
 "icu_normalizer",
 "icu_pattern",
 "icu_plurals",
 "icu_properties",
 "icu_provider",
 "icu_provider_registry",
 "icu_segmenter",
 "icu_timezone",
 "memchr",
]

[[package]]
name = "icu_calendar"
version = "2.0.0-beta1"
source = "registry+https://github.com/rust-lang/crates.io-index"
checksum = "3689f3f720936703584298dce9711d8c68b7aecef258d0e1e2677ec3d9567ff6"
dependencies = [
 "calendrical_calculations",
 "databake",
 "displaydoc",
 "icu_calendar_data",
 "icu_locale_core",
 "icu_provider",
 "ixdtf",
 "serde",
 "tinystr",
 "writeable",
 "zerovec",
]

[[package]]
name = "icu_calendar_data"
version = "2.0.0-beta1"
source = "registry+https://github.com/rust-lang/crates.io-index"
checksum = "a113bfe4a5f0a4f9ab2f4ec5baac9f5cfab7c5ada910abf4b9ed4cfd066881cd"
dependencies = [
 "icu_locale",
 "icu_provider_baked",
]

[[package]]
name = "icu_casemap"
version = "2.0.0-beta1"
source = "registry+https://github.com/rust-lang/crates.io-index"
checksum = "8559c368cec6aecff3e39c912d6feb19c6de62ae6038b2545d99348053d9dde1"
dependencies = [
 "databake",
 "displaydoc",
 "icu_casemap_data",
 "icu_collections",
 "icu_locale_core",
 "icu_properties",
 "icu_provider",
 "potential_utf",
 "serde",
 "writeable",
 "zerovec",
]

[[package]]
name = "icu_casemap_data"
version = "2.0.0-beta1"
source = "registry+https://github.com/rust-lang/crates.io-index"
checksum = "775e0d5c043b5de41cd3c31e5133b985026b2a5032b80bbabb5c760feae5bf75"
dependencies = [
 "icu_provider_baked",
]

[[package]]
name = "icu_codepointtrie_builder"
version = "0.4.0"
source = "registry+https://github.com/rust-lang/crates.io-index"
checksum = "1ee11dde24a80c49641e6879e626a7f721884a9dd9c97d11e0e42d6c478a51d6"
dependencies = [
 "icu_collections",
 "zerovec",
]

[[package]]
name = "icu_collator"
version = "2.0.0-beta1"
source = "registry+https://github.com/rust-lang/crates.io-index"
checksum = "dcb162a8a5deefffbbc77fe58e3f4133f9056959f584c70cf4b6f9abf13cb34a"
dependencies = [
 "databake",
 "displaydoc",
 "icu_collator_data",
 "icu_collections",
 "icu_locale_core",
 "icu_normalizer",
 "icu_properties",
 "icu_provider",
 "serde",
 "smallvec",
 "utf16_iter",
 "utf8_iter",
 "zerovec",
]

[[package]]
name = "icu_collator_data"
version = "2.0.0-beta1"
source = "registry+https://github.com/rust-lang/crates.io-index"
checksum = "7339bb6c668d7b22d0e330b551f991c4074e852408fdbf3b7da6926d4a22e059"
dependencies = [
 "icu_locale",
 "icu_provider_baked",
]

[[package]]
name = "icu_collections"
version = "2.0.0-beta1"
source = "registry+https://github.com/rust-lang/crates.io-index"
checksum = "547ceba155a760830b848d9ae28183bc6bddf1b714ffc27bee1c7144f07229db"
dependencies = [
 "databake",
 "displaydoc",
 "potential_utf",
 "serde",
 "yoke",
 "zerofrom",
 "zerovec",
]

[[package]]
name = "icu_datetime"
version = "2.0.0-beta1"
source = "registry+https://github.com/rust-lang/crates.io-index"
checksum = "8e9c62979861a6e19d83d2e073f9c35f1096c2ea1e5045757303bb22990152d9"
dependencies = [
 "databake",
 "displaydoc",
 "either",
 "fixed_decimal",
 "icu_calendar",
 "icu_datetime_data",
 "icu_decimal",
 "icu_locale_core",
 "icu_pattern",
 "icu_plurals",
 "icu_provider",
 "icu_timezone",
 "litemap",
 "potential_utf",
 "serde",
 "smallvec",
 "tinystr",
 "writeable",
 "zerovec",
]

[[package]]
name = "icu_datetime_data"
version = "2.0.0-beta1"
source = "registry+https://github.com/rust-lang/crates.io-index"
checksum = "4af61a21c34d570047d8a344b8e5150f8b788da229c239d58ca271ca5a615f0e"
dependencies = [
 "icu_locale",
 "icu_provider_baked",
]

[[package]]
name = "icu_decimal"
version = "2.0.0-beta1"
source = "registry+https://github.com/rust-lang/crates.io-index"
checksum = "e5aaf5a5e55f403781564a81092ae1710457f122f74e634540ddd9bd295e3a89"
dependencies = [
 "databake",
 "displaydoc",
 "fixed_decimal",
 "icu_decimal_data",
 "icu_provider",
 "serde",
 "tinystr",
 "writeable",
 "zerovec",
]

[[package]]
name = "icu_decimal_data"
version = "2.0.0-beta1"
source = "registry+https://github.com/rust-lang/crates.io-index"
checksum = "8e971a5a9f2cd6ac94cc65829c6d8d651622e0c94dd14bced5da7f85db3c4f7a"
dependencies = [
 "icu_locale",
 "icu_provider_baked",
]

[[package]]
name = "icu_experimental"
version = "0.2.0"
source = "registry+https://github.com/rust-lang/crates.io-index"
checksum = "707ddfe7124b2bdfad168200e14974b11a2f1aa0256ae236e31fb315c3ac1d41"
dependencies = [
 "databake",
 "displaydoc",
 "either",
 "fixed_decimal",
 "icu_collections",
 "icu_decimal",
 "icu_experimental_data",
 "icu_list",
 "icu_locale",
 "icu_locale_core",
 "icu_normalizer",
 "icu_pattern",
 "icu_plurals",
 "icu_properties",
 "icu_provider",
 "litemap",
 "log",
 "num-bigint",
 "num-rational",
 "num-traits",
 "potential_utf",
 "serde",
 "smallvec",
 "tinystr",
 "writeable",
 "zerofrom",
 "zerotrie",
 "zerovec",
]

[[package]]
name = "icu_experimental_data"
version = "0.2.0-dev"
source = "registry+https://github.com/rust-lang/crates.io-index"
checksum = "3eb66b816ca1998dbf2e35a1d46046688d62ad8879d34eb11c731bdfb3e14b51"
dependencies = [
 "icu_locale",
 "icu_provider_baked",
]

[[package]]
name = "icu_list"
version = "2.0.0-beta1"
source = "registry+https://github.com/rust-lang/crates.io-index"
checksum = "9e116bb6b90e79c6e09b84dbb1f79d97ef1cfc49dc6c2ddd4c45dd0897223d2c"
dependencies = [
 "databake",
 "displaydoc",
 "icu_list_data",
 "icu_provider",
 "regex-automata",
 "serde",
 "writeable",
]

[[package]]
name = "icu_list_data"
version = "2.0.0-beta1"
source = "registry+https://github.com/rust-lang/crates.io-index"
checksum = "244a0d7589ec2cd072ef349e633e8fd4d197b53bcd7c220ab9a58b9ad73a3fc1"
dependencies = [
 "icu_locale",
 "icu_provider_baked",
]

[[package]]
name = "icu_locale"
version = "2.0.0-beta1"
source = "registry+https://github.com/rust-lang/crates.io-index"
checksum = "f49d3c7f2dae0cd50d8b681a258e761eb714c9924f8222b7042118c0fb410649"
dependencies = [
 "databake",
 "displaydoc",
 "icu_collections",
 "icu_locale_core",
 "icu_locale_data",
 "icu_provider",
 "potential_utf",
 "serde",
 "tinystr",
 "zerovec",
]

[[package]]
name = "icu_locale_core"
version = "2.0.0-beta1"
source = "registry+https://github.com/rust-lang/crates.io-index"
checksum = "e36332a8c93574b07598351bb479425282022341528ff521238fd4a48d143162"
dependencies = [
 "databake",
 "displaydoc",
 "litemap",
 "serde",
 "tinystr",
 "writeable",
 "zerovec",
]

[[package]]
name = "icu_locale_data"
version = "2.0.0-beta1"
source = "registry+https://github.com/rust-lang/crates.io-index"
checksum = "222f29513408cc4572fce10bcadd05505c61ca1e30412416661e2fd464821c80"
dependencies = [
 "icu_provider_baked",
]

[[package]]
name = "icu_normalizer"
version = "2.0.0-beta1"
source = "registry+https://github.com/rust-lang/crates.io-index"
checksum = "df5ae8511ef0d91a4eb3650096471f5d5bdf1f598901fa34ee2a17f1fb52fbdb"
dependencies = [
 "databake",
 "displaydoc",
 "icu_collections",
 "icu_normalizer_data",
 "icu_properties",
 "icu_provider",
 "serde",
 "smallvec",
 "utf16_iter",
 "utf8_iter",
 "write16",
 "zerovec",
]

[[package]]
name = "icu_normalizer_data"
version = "2.0.0-beta1"
source = "registry+https://github.com/rust-lang/crates.io-index"
checksum = "f9951a5e339fcc5dae834c6726b7a6d31b2bdbd44691759fc910c4e6fd9b32c8"
dependencies = [
 "icu_provider_baked",
]

[[package]]
name = "icu_pattern"
version = "0.3.0"
source = "registry+https://github.com/rust-lang/crates.io-index"
checksum = "daa9096b13a5b226456aaa74740ea32f247225ba09948a8042054c01514732f6"
dependencies = [
 "databake",
 "displaydoc",
 "either",
 "serde",
 "writeable",
 "yoke",
 "zerovec",
]

[[package]]
name = "icu_plurals"
version = "2.0.0-beta1"
source = "registry+https://github.com/rust-lang/crates.io-index"
checksum = "53e930405181b9bc42f530000d36ea4fc4e859f9c2fafb3e3a4680f0d7917e3b"
dependencies = [
 "databake",
 "displaydoc",
 "fixed_decimal",
 "icu_plurals_data",
 "icu_provider",
 "serde",
 "zerovec",
]

[[package]]
name = "icu_plurals_data"
version = "2.0.0-beta1"
source = "registry+https://github.com/rust-lang/crates.io-index"
checksum = "63ce2fb55d2fed48f242a918f2bc7877be0a87ec1505f806244a4b3096821202"
dependencies = [
 "icu_locale",
 "icu_provider_baked",
]

[[package]]
name = "icu_properties"
version = "2.0.0-beta1"
source = "registry+https://github.com/rust-lang/crates.io-index"
checksum = "61faa32dfc2f4e704cb489f7080d0c3a4ffddeef7ab078904243a15f165e7061"
dependencies = [
 "databake",
 "displaydoc",
 "icu_collections",
 "icu_locale_core",
 "icu_properties_data",
 "icu_provider",
 "potential_utf",
 "serde",
 "zerotrie",
 "zerovec",
]

[[package]]
name = "icu_properties_data"
version = "2.0.0-beta1"
source = "registry+https://github.com/rust-lang/crates.io-index"
checksum = "f27490edd019680928347f14cc484b2de9a7a06d45908f3079133fba7bb6690d"
dependencies = [
 "icu_provider_baked",
]

[[package]]
name = "icu_provider"
version = "2.0.0-beta1"
source = "registry+https://github.com/rust-lang/crates.io-index"
checksum = "201d2b3bc0bd9a7ad78a00af62374365dd53ee6916942c645cd9e28778c238a5"
dependencies = [
 "databake",
 "displaydoc",
 "erased-serde",
 "icu_locale_core",
 "icu_provider_macros",
 "log",
 "postcard",
 "serde",
 "stable_deref_trait",
 "tinystr",
 "writeable",
 "yoke",
 "zerofrom",
 "zerovec",
]

[[package]]
name = "icu_provider_adapters"
version = "2.0.0-beta1"
source = "registry+https://github.com/rust-lang/crates.io-index"
checksum = "2814f7356c0c53ed1e5f261f7c58132d1fc23479bfd1127821b9594bec77d467"
dependencies = [
 "icu_locale",
 "icu_provider",
 "tinystr",
 "zerovec",
]

[[package]]
name = "icu_provider_baked"
version = "2.0.0-beta1"
source = "registry+https://github.com/rust-lang/crates.io-index"
checksum = "7c6494d25b75593ad56dcd9bde1040ef7e22e9c70b24c1de8920d9a919118893"
dependencies = [
 "icu_provider",
 "writeable",
 "zerotrie",
]

[[package]]
name = "icu_provider_macros"
version = "2.0.0-beta1"
source = "registry+https://github.com/rust-lang/crates.io-index"
checksum = "ba0c1a4c9cca68c00053013b9ad7dc7d2e69aefed59dd9e38cb63347c28299b0"
dependencies = [
 "proc-macro2",
 "quote",
 "syn",
]

[[package]]
name = "icu_provider_registry"
version = "2.0.0-beta1"
source = "registry+https://github.com/rust-lang/crates.io-index"
checksum = "74946bc4a5c3494fab9b3a3cfa57dfb6b646cc9e5d3eec567b6953866785acee"

[[package]]
name = "icu_provider_source"
version = "2.0.0-beta1"
source = "registry+https://github.com/rust-lang/crates.io-index"
checksum = "ad848c4572d60c427d5e61367ce4df48f5248a4a8263a9cdc29342220239ac1d"
dependencies = [
 "calendrical_calculations",
 "displaydoc",
 "either",
 "elsa",
 "icu",
 "icu_codepointtrie_builder",
 "icu_collections",
 "icu_pattern",
 "icu_provider",
 "icu_provider_adapters",
 "icu_provider_registry",
 "itertools",
 "litemap",
 "log",
 "ndarray",
 "parse-zoneinfo",
 "potential_utf",
 "serde",
 "serde-aux",
 "serde_json",
 "tinystr",
 "toml",
 "twox-hash",
 "writeable",
 "zerotrie",
 "zerovec",
 "zip",
]

[[package]]
name = "icu_segmenter"
version = "2.0.0-beta1"
source = "registry+https://github.com/rust-lang/crates.io-index"
checksum = "f7b826f2fabce46f96b63992d79f818430d397294c789d8eca2086edb0161d18"
dependencies = [
 "core_maths",
 "databake",
 "displaydoc",
 "icu_collections",
 "icu_locale_core",
 "icu_provider",
 "icu_segmenter_data",
 "potential_utf",
 "serde",
 "utf8_iter",
 "zerovec",
]

[[package]]
name = "icu_segmenter_data"
version = "2.0.0-beta1"
source = "registry+https://github.com/rust-lang/crates.io-index"
checksum = "f0adf39447930dbe2adbaed7049f8173378a07fc089476673a235639b9e0de6f"
dependencies = [
 "icu_locale",
 "icu_provider_baked",
]

[[package]]
name = "icu_timezone"
version = "2.0.0-beta1"
source = "registry+https://github.com/rust-lang/crates.io-index"
checksum = "a33b65c5d39feb2ff3dfb57e66023a07760abd958c1800aab87d8a369021d9b2"
dependencies = [
 "calendrical_calculations",
 "databake",
 "displaydoc",
 "icu_calendar",
 "icu_provider",
 "icu_timezone_data",
 "ixdtf",
 "serde",
 "tinystr",
 "zerotrie",
 "zerovec",
]

[[package]]
name = "icu_timezone_data"
version = "2.0.0-beta1"
source = "registry+https://github.com/rust-lang/crates.io-index"
checksum = "f7101943ee41cefbbb9079b2053e24b58983208992697236ecd7b3bc9949058b"
dependencies = [
 "icu_provider_baked",
]

[[package]]
name = "itertools"
version = "0.10.5"
source = "registry+https://github.com/rust-lang/crates.io-index"
checksum = "b0fd2260e829bddf4cb6ea802289de2f86d6a7a690192fbe91b3f46e0f2c8473"
dependencies = [
 "either",
]

[[package]]
name = "itoa"
version = "1.0.14"
source = "registry+https://github.com/rust-lang/crates.io-index"
checksum = "d75a2a4b1b190afb6f5425f10f6a8f959d2ea0b9c2b1d79553551850539e4674"

[[package]]
name = "ixdtf"
version = "0.3.0"
source = "registry+https://github.com/rust-lang/crates.io-index"
checksum = "fb6cd1080e64f68b07c577e3c687f4a894b3d1bd6093cb36b55c7bd07675aa3a"
dependencies = [
 "displaydoc",
 "utf8_iter",
]

[[package]]
name = "json"
version = "0.12.4"
source = "registry+https://github.com/rust-lang/crates.io-index"
checksum = "078e285eafdfb6c4b434e0d31e8cfcb5115b651496faca5749b88fafd4f23bfd"

[[package]]
name = "libc"
version = "0.2.168"
source = "registry+https://github.com/rust-lang/crates.io-index"
checksum = "5aaeb2981e0606ca11d79718f8bb01164f1d6ed75080182d3abf017e6d244b6d"

[[package]]
name = "libm"
version = "0.2.11"
source = "registry+https://github.com/rust-lang/crates.io-index"
checksum = "8355be11b20d696c8f18f6cc018c4e372165b1fa8126cef092399c9951984ffa"

[[package]]
name = "litemap"
version = "0.7.4"
source = "registry+https://github.com/rust-lang/crates.io-index"
checksum = "4ee93343901ab17bd981295f2cf0026d4ad018c7c31ba84549a4ddbb47a45104"
dependencies = [
 "serde",
]

[[package]]
name = "log"
version = "0.4.22"
source = "registry+https://github.com/rust-lang/crates.io-index"
checksum = "a7a70ba024b9dc04c27ea2f0c0548feb474ec5c54bba33a7f72f873a39d07b24"

[[package]]
name = "matrixmultiply"
version = "0.3.9"
source = "registry+https://github.com/rust-lang/crates.io-index"
checksum = "9380b911e3e96d10c1f415da0876389aaf1b56759054eeb0de7df940c456ba1a"
dependencies = [
 "autocfg",
 "rawpointer",
]

[[package]]
name = "memchr"
version = "2.7.4"
source = "registry+https://github.com/rust-lang/crates.io-index"
checksum = "78ca9ab1a0babb1e7d5695e3530886289c18cf2f87ec19a575a0abdce112e3a3"

[[package]]
name = "miniz_oxide"
version = "0.8.2"
source = "registry+https://github.com/rust-lang/crates.io-index"
checksum = "4ffbe83022cedc1d264172192511ae958937694cd57ce297164951b8b3568394"
dependencies = [
 "adler2",
]

[[package]]
name = "ndarray"
version = "0.15.6"
source = "registry+https://github.com/rust-lang/crates.io-index"
checksum = "adb12d4e967ec485a5f71c6311fe28158e9d6f4bc4a447b474184d0f91a8fa32"
dependencies = [
 "matrixmultiply",
 "num-complex",
 "num-integer",
 "num-traits",
 "rawpointer",
]

[[package]]
name = "num-bigint"
version = "0.4.6"
source = "registry+https://github.com/rust-lang/crates.io-index"
checksum = "a5e44f723f1133c9deac646763579fdb3ac745e418f2a7af9cd0c431da1f20b9"
dependencies = [
 "num-integer",
 "num-traits",
]

[[package]]
name = "num-complex"
version = "0.4.6"
source = "registry+https://github.com/rust-lang/crates.io-index"
checksum = "73f88a1307638156682bada9d7604135552957b7818057dcef22705b4d509495"
dependencies = [
 "num-traits",
]

[[package]]
name = "num-integer"
version = "0.1.46"
source = "registry+https://github.com/rust-lang/crates.io-index"
checksum = "7969661fd2958a5cb096e56c8e1ad0444ac2bbcd0061bd28660485a44879858f"
dependencies = [
 "num-traits",
]

[[package]]
name = "num-rational"
version = "0.4.2"
source = "registry+https://github.com/rust-lang/crates.io-index"
checksum = "f83d14da390562dca69fc84082e73e548e1ad308d24accdedd2720017cb37824"
dependencies = [
 "num-bigint",
 "num-integer",
 "num-traits",
]

[[package]]
name = "num-traits"
version = "0.2.19"
source = "registry+https://github.com/rust-lang/crates.io-index"
checksum = "071dfc062690e90b734c0b2273ce72ad0ffa95f0c74596bc250dcfd960262841"
dependencies = [
 "autocfg",
]

[[package]]
name = "parse-zoneinfo"
version = "0.3.1"
source = "registry+https://github.com/rust-lang/crates.io-index"
checksum = "1f2a05b18d44e2957b88f96ba460715e295bc1d7510468a2f3d3b44535d26c24"
dependencies = [
 "regex",
]

[[package]]
name = "postcard"
version = "1.1.1"
source = "registry+https://github.com/rust-lang/crates.io-index"
checksum = "170a2601f67cc9dba8edd8c4870b15f71a6a2dc196daec8c83f72b59dff628a8"
dependencies = [
 "cobs",
 "serde",
]

[[package]]
name = "potential_utf"
version = "0.1.0"
source = "registry+https://github.com/rust-lang/crates.io-index"
checksum = "f2a1d6d1132e166768a82805efecd7c326eb8dc70ad4a586da697836b44eb970"
dependencies = [
 "databake",
 "serde",
 "zerovec",
]

[[package]]
name = "proc-macro2"
version = "1.0.92"
source = "registry+https://github.com/rust-lang/crates.io-index"
checksum = "37d3544b3f2748c54e147655edb5025752e2303145b5aefb3c3ea2c78b973bb0"
dependencies = [
 "unicode-ident",
]

[[package]]
name = "quote"
version = "1.0.37"
source = "registry+https://github.com/rust-lang/crates.io-index"
checksum = "b5b9d34b8991d19d98081b46eacdd8eb58c6f2b201139f7c5f643cc155a633af"
dependencies = [
 "proc-macro2",
]

[[package]]
name = "rawpointer"
version = "0.2.1"
source = "registry+https://github.com/rust-lang/crates.io-index"
checksum = "60a357793950651c4ed0f3f52338f53b2f809f32d83a07f72909fa13e4c6c1e3"

[[package]]
name = "regex"
version = "1.11.1"
source = "registry+https://github.com/rust-lang/crates.io-index"
checksum = "b544ef1b4eac5dc2db33ea63606ae9ffcfac26c1416a2806ae0bf5f56b201191"
dependencies = [
 "aho-corasick",
 "memchr",
 "regex-automata",
 "regex-syntax",
]

[[package]]
name = "regex-automata"
version = "0.4.9"
source = "registry+https://github.com/rust-lang/crates.io-index"
checksum = "809e8dc61f6de73b46c85f4c96486310fe304c434cfa43669d7b40f711150908"
dependencies = [
 "aho-corasick",
 "memchr",
 "regex-syntax",
]

[[package]]
name = "regex-syntax"
version = "0.8.5"
source = "registry+https://github.com/rust-lang/crates.io-index"
checksum = "2b15c43186be67a4fd63bee50d0303afffcef381492ebe2c5d87f324e1b8815c"

[[package]]
name = "rustc_version"
version = "0.2.3"
source = "registry+https://github.com/rust-lang/crates.io-index"
checksum = "138e3e0acb6c9fb258b19b67cb8abd63c00679d2851805ea151465464fe9030a"
dependencies = [
 "semver 0.9.0",
]

[[package]]
name = "rustc_version_runtime"
version = "0.1.5"
source = "registry+https://github.com/rust-lang/crates.io-index"
checksum = "6de8ecd7fad7731f306f69b6e10ec5a3178c61e464dcc06979427aa4cc891145"
dependencies = [
 "rustc_version",
 "semver 0.9.0",
]

[[package]]
name = "ryu"
version = "1.0.18"
source = "registry+https://github.com/rust-lang/crates.io-index"
checksum = "f3cb5ba0dc43242ce17de99c180e96db90b235b8a9fdc9543c96d2209116bd9f"

[[package]]
name = "semver"
version = "0.9.0"
source = "registry+https://github.com/rust-lang/crates.io-index"
checksum = "1d7eb9ef2c18661902cc47e535f9bc51b78acd254da71d375c2f6720d9a40403"
dependencies = [
 "semver-parser",
]

[[package]]
name = "semver"
version = "1.0.24"
source = "registry+https://github.com/rust-lang/crates.io-index"
checksum = "3cb6eb87a131f756572d7fb904f6e7b68633f09cca868c5df1c4b8d1a694bbba"
dependencies = [
 "serde",
]

[[package]]
name = "semver-parser"
version = "0.7.0"
source = "registry+https://github.com/rust-lang/crates.io-index"
checksum = "388a1df253eca08550bef6c72392cfe7c30914bf41df5269b68cbd6ff8f570a3"

[[package]]
name = "serde"
version = "1.0.216"
source = "registry+https://github.com/rust-lang/crates.io-index"
checksum = "0b9781016e935a97e8beecf0c933758c97a5520d32930e460142b4cd80c6338e"
dependencies = [
 "serde_derive",
]

[[package]]
name = "serde-aux"
version = "4.5.0"
source = "registry+https://github.com/rust-lang/crates.io-index"
checksum = "0d2e8bfba469d06512e11e3311d4d051a4a387a5b42d010404fecf3200321c95"
dependencies = [
 "serde",
 "serde_json",
]

[[package]]
name = "serde_derive"
version = "1.0.216"
source = "registry+https://github.com/rust-lang/crates.io-index"
checksum = "46f859dbbf73865c6627ed570e78961cd3ac92407a2d117204c49232485da55e"
dependencies = [
 "proc-macro2",
 "quote",
 "syn",
]

[[package]]
name = "serde_json"
version = "1.0.133"
source = "registry+https://github.com/rust-lang/crates.io-index"
checksum = "c7fceb2473b9166b2294ef05efcb65a3db80803f0b03ef86a5fc88a2b85ee377"
dependencies = [
 "itoa",
 "memchr",
 "ryu",
 "serde",
]

[[package]]
name = "smallvec"
version = "1.13.2"
source = "registry+https://github.com/rust-lang/crates.io-index"
checksum = "3c5e1a9a646d36c3599cd173a41282daf47c44583ad367b8e6837255952e5c67"
dependencies = [
 "serde",
]

[[package]]
name = "stable_deref_trait"
version = "1.2.0"
source = "registry+https://github.com/rust-lang/crates.io-index"
checksum = "a8f112729512f8e442d81f95a8a7ddf2b7c6b8a1a6f509a95864142b30cab2d3"

[[package]]
name = "static_assertions"
version = "1.1.0"
source = "registry+https://github.com/rust-lang/crates.io-index"
checksum = "a2eb9349b6444b326872e140eb1cf5e7c522154d69e7a0ffb0fb81c06b37543f"

[[package]]
name = "syn"
version = "2.0.90"
source = "registry+https://github.com/rust-lang/crates.io-index"
checksum = "919d3b74a5dd0ccd15aeb8f93e7006bd9e14c295087c9896a110f490752bcf31"
dependencies = [
 "proc-macro2",
 "quote",
 "unicode-ident",
]

[[package]]
name = "synstructure"
version = "0.13.1"
source = "registry+https://github.com/rust-lang/crates.io-index"
checksum = "c8af7666ab7b6390ab78131fb5b0fce11d6b7a6951602017c35fa82800708971"
dependencies = [
 "proc-macro2",
 "quote",
 "syn",
]

[[package]]
name = "termcolor"
version = "1.4.1"
source = "registry+https://github.com/rust-lang/crates.io-index"
checksum = "06794f8f6c5c898b3275aebefa6b8a1cb24cd2c6c79397ab15774837a0bc5755"
dependencies = [
 "winapi-util",
]

[[package]]
name = "thiserror"
version = "1.0.69"
source = "registry+https://github.com/rust-lang/crates.io-index"
checksum = "b6aaf5339b578ea85b50e080feb250a3e8ae8cfcdff9a461c9ec2904bc923f52"
dependencies = [
 "thiserror-impl",
]

[[package]]
name = "thiserror-impl"
version = "1.0.69"
source = "registry+https://github.com/rust-lang/crates.io-index"
checksum = "4fee6c4efc90059e10f81e6d42c60a18f76588c3d74cb83a0b242a2b6c7504c1"
dependencies = [
 "proc-macro2",
 "quote",
 "syn",
]

[[package]]
name = "tinystr"
version = "0.8.0"
source = "registry+https://github.com/rust-lang/crates.io-index"
checksum = "b2b56a820bb70060f096338fcc02edb78cb3f8fb21c5078503f48588cfcaf494"
dependencies = [
 "databake",
 "displaydoc",
 "serde",
 "zerovec",
]

[[package]]
name = "toml"
version = "0.5.11"
source = "registry+https://github.com/rust-lang/crates.io-index"
checksum = "f4f7f0dd8d50a853a531c426359045b1998f04219d88799810762cd4ad314234"
dependencies = [
 "serde",
]

[[package]]
name = "twox-hash"
version = "1.6.3"
source = "registry+https://github.com/rust-lang/crates.io-index"
checksum = "97fee6b57c6a41524a810daee9286c02d7752c4253064d0b05472833a438f675"
dependencies = [
 "cfg-if",
 "static_assertions",
]

[[package]]
name = "unicode-ident"
version = "1.0.14"
source = "registry+https://github.com/rust-lang/crates.io-index"
checksum = "adb9e6ca4f869e1180728b7950e35922a7fc6397f7b641499e8f3ef06e50dc83"

[[package]]
name = "utf16_iter"
version = "1.0.5"
source = "registry+https://github.com/rust-lang/crates.io-index"
checksum = "c8232dd3cdaed5356e0f716d285e4b40b932ac434100fe9b7e0e8e935b9e6246"

[[package]]
name = "utf8_iter"
version = "1.0.4"
source = "registry+https://github.com/rust-lang/crates.io-index"
checksum = "b6c140620e7ffbb22c2dee59cafe6084a59b5ffc27a8859a5f0d494b5d52b6be"

[[package]]
name = "winapi"
version = "0.3.9"
source = "registry+https://github.com/rust-lang/crates.io-index"
checksum = "5c839a674fcd7a98952e593242ea400abe93992746761e38641405d28b00f419"
dependencies = [
 "winapi-i686-pc-windows-gnu",
 "winapi-x86_64-pc-windows-gnu",
]

[[package]]
name = "winapi-i686-pc-windows-gnu"
version = "0.4.0"
source = "registry+https://github.com/rust-lang/crates.io-index"
checksum = "ac3b87c63620426dd9b991e5ce0329eff545bccbbb34f3be09ff6fb6ab51b7b6"

[[package]]
name = "winapi-util"
version = "0.1.9"
source = "registry+https://github.com/rust-lang/crates.io-index"
checksum = "cf221c93e13a30d793f7645a0e7762c55d169dbb0a49671918a2319d289b10bb"
dependencies = [
 "windows-sys",
]

[[package]]
name = "winapi-x86_64-pc-windows-gnu"
version = "0.4.0"
source = "registry+https://github.com/rust-lang/crates.io-index"
checksum = "712e227841d057c1ee1cd2fb22fa7e5a5461ae8e48fa2ca79ec42cfc1931183f"

[[package]]
name = "windows-sys"
version = "0.59.0"
source = "registry+https://github.com/rust-lang/crates.io-index"
checksum = "1e38bc4d79ed67fd075bcc251a1c39b32a1776bbe92e5bef1f0bf1f8c531853b"
dependencies = [
 "windows-targets",
]

[[package]]
name = "windows-targets"
version = "0.52.6"
source = "registry+https://github.com/rust-lang/crates.io-index"
checksum = "9b724f72796e036ab90c1021d4780d4d3d648aca59e491e6b98e725b84e99973"
dependencies = [
 "windows_aarch64_gnullvm",
 "windows_aarch64_msvc",
 "windows_i686_gnu",
 "windows_i686_gnullvm",
 "windows_i686_msvc",
 "windows_x86_64_gnu",
 "windows_x86_64_gnullvm",
 "windows_x86_64_msvc",
]

[[package]]
name = "windows_aarch64_gnullvm"
version = "0.52.6"
source = "registry+https://github.com/rust-lang/crates.io-index"
checksum = "32a4622180e7a0ec044bb555404c800bc9fd9ec262ec147edd5989ccd0c02cd3"

[[package]]
name = "windows_aarch64_msvc"
version = "0.52.6"
source = "registry+https://github.com/rust-lang/crates.io-index"
checksum = "09ec2a7bb152e2252b53fa7803150007879548bc709c039df7627cabbd05d469"

[[package]]
name = "windows_i686_gnu"
version = "0.52.6"
source = "registry+https://github.com/rust-lang/crates.io-index"
checksum = "8e9b5ad5ab802e97eb8e295ac6720e509ee4c243f69d781394014ebfe8bbfa0b"

[[package]]
name = "windows_i686_gnullvm"
version = "0.52.6"
source = "registry+https://github.com/rust-lang/crates.io-index"
checksum = "0eee52d38c090b3caa76c563b86c3a4bd71ef1a819287c19d586d7334ae8ed66"

[[package]]
name = "windows_i686_msvc"
version = "0.52.6"
source = "registry+https://github.com/rust-lang/crates.io-index"
checksum = "240948bc05c5e7c6dabba28bf89d89ffce3e303022809e73deaefe4f6ec56c66"

[[package]]
name = "windows_x86_64_gnu"
version = "0.52.6"
source = "registry+https://github.com/rust-lang/crates.io-index"
checksum = "147a5c80aabfbf0c7d901cb5895d1de30ef2907eb21fbbab29ca94c5b08b1a78"

[[package]]
name = "windows_x86_64_gnullvm"
version = "0.52.6"
source = "registry+https://github.com/rust-lang/crates.io-index"
checksum = "24d5b23dc417412679681396f2b49f3de8c1473deb516bd34410872eff51ed0d"

[[package]]
name = "windows_x86_64_msvc"
version = "0.52.6"
source = "registry+https://github.com/rust-lang/crates.io-index"
checksum = "589f6da84c646204747d1270a2a5661ea66ed1cced2631d546fdfb155959f9ec"

[[package]]
name = "write16"
version = "1.0.0"
source = "registry+https://github.com/rust-lang/crates.io-index"
checksum = "d1890f4022759daae28ed4fe62859b1236caebfc61ede2f63ed4e695f3f6d936"

[[package]]
name = "writeable"
version = "0.6.0"
source = "registry+https://github.com/rust-lang/crates.io-index"
checksum = "74b3b5b7c6114bf7253093603034e102d479ecc8501deca33b6c1c816418b6d2"
dependencies = [
 "either",
]

[[package]]
name = "yoke"
version = "0.7.5"
source = "registry+https://github.com/rust-lang/crates.io-index"
checksum = "120e6aef9aa629e3d4f52dc8cc43a015c7724194c97dfaf45180d2daf2b77f40"
dependencies = [
 "serde",
 "stable_deref_trait",
 "yoke-derive",
 "zerofrom",
]

[[package]]
name = "yoke-derive"
version = "0.7.5"
source = "registry+https://github.com/rust-lang/crates.io-index"
checksum = "2380878cad4ac9aac1e2435f3eb4020e8374b5f13c296cb75b4620ff8e229154"
dependencies = [
 "proc-macro2",
 "quote",
 "syn",
 "synstructure",
]

[[package]]
name = "zerofrom"
version = "0.1.5"
source = "registry+https://github.com/rust-lang/crates.io-index"
checksum = "cff3ee08c995dee1859d998dea82f7374f2826091dd9cd47def953cae446cd2e"
dependencies = [
 "zerofrom-derive",
]

[[package]]
name = "zerofrom-derive"
version = "0.1.5"
source = "registry+https://github.com/rust-lang/crates.io-index"
checksum = "595eed982f7d355beb85837f651fa22e90b3c044842dc7f2c2842c086f295808"
dependencies = [
 "proc-macro2",
 "quote",
 "syn",
 "synstructure",
]

[[package]]
name = "zerotrie"
version = "0.2.0"
source = "registry+https://github.com/rust-lang/crates.io-index"
checksum = "fa766b97d68da210d29cc0bc8d072d87de9359cb998e4bc30ab4982a1c795d47"
dependencies = [
 "databake",
 "displaydoc",
 "litemap",
 "serde",
 "yoke",
 "zerofrom",
 "zerovec",
]

[[package]]
name = "zerovec"
version = "0.11.0"
source = "registry+https://github.com/rust-lang/crates.io-index"
checksum = "9b622856b789971a6fe0442b69f3a2d7ac949005c4c8586b2c4ef09cc5182f2b"
dependencies = [
 "databake",
 "serde",
 "yoke",
 "zerofrom",
 "zerovec-derive",
]

[[package]]
name = "zerovec-derive"
version = "0.11.0"
source = "registry+https://github.com/rust-lang/crates.io-index"
checksum = "996c67268f00e216986ac140d8de9f47968c330b96aeefcae9ed296f23934448"
dependencies = [
 "proc-macro2",
 "quote",
 "syn",
]

[[package]]
name = "zip"
version = "0.6.6"
source = "registry+https://github.com/rust-lang/crates.io-index"
checksum = "760394e246e4c28189f19d488c058bf16f564016aefac5d32bb1f3b51d5e9261"
dependencies = [
 "byteorder",
 "crc32fast",
 "crossbeam-utils",
 "flate2",
]
