# This file is automatically @generated by Cargo.
# It is not intended for manual editing.
version = 3

[[package]]
name = "adler"
version = "1.0.2"
source = "registry+https://github.com/rust-lang/crates.io-index"
checksum = "f26201604c87b1e01bd3d98f8d5d9a8fcbb815e8cedb41ffccbeb4bf593a35fe"

[[package]]
name = "aho-corasick"
version = "1.1.3"
source = "registry+https://github.com/rust-lang/crates.io-index"
checksum = "8e60d3430d3a69478ad0993f19238d2df97c507009a52b3c10addcd7f6bcb916"
dependencies = [
 "memchr",
]

[[package]]
name = "atty"
version = "0.2.14"
source = "registry+https://github.com/rust-lang/crates.io-index"
checksum = "d9b39be18770d11421cdb1b9947a45dd3f37e93092cbf377614828a319d5fee8"
dependencies = [
 "hermit-abi",
 "libc",
 "winapi",
]

[[package]]
name = "autocfg"
version = "1.3.0"
source = "registry+https://github.com/rust-lang/crates.io-index"
checksum = "0c4b4d0bd25bd0b74681c0ad21497610ce1b7c91b1022cd21c80c6fbdd9476b0"

[[package]]
name = "byteorder"
version = "1.5.0"
source = "registry+https://github.com/rust-lang/crates.io-index"
checksum = "1fd0f2584146f6f2ef48085050886acf353beff7305ebd1ae69500e27c67f64b"

[[package]]
name = "calendrical_calculations"
version = "0.1.1"
source = "registry+https://github.com/rust-lang/crates.io-index"
checksum = "cec493b209a1b81fa32312d7ceca1b547d341c7b5f16a3edbf32b1d8b455bbdf"
dependencies = [
 "core_maths",
 "displaydoc",
]

[[package]]
name = "camino"
version = "1.1.7"
source = "registry+https://github.com/rust-lang/crates.io-index"
checksum = "e0ec6b951b160caa93cc0c7b209e5a3bff7aae9062213451ac99493cd844c239"
dependencies = [
 "serde",
]

[[package]]
name = "cargo-platform"
version = "0.1.8"
source = "registry+https://github.com/rust-lang/crates.io-index"
checksum = "24b1f0365a6c6bb4020cd05806fd0d33c44d38046b8bd7f0e40814b9763cabfc"
dependencies = [
 "serde",
]

[[package]]
name = "cargo_metadata"
version = "0.18.1"
source = "registry+https://github.com/rust-lang/crates.io-index"
checksum = "2d886547e41f740c616ae73108f6eb70afe6d940c7bc697cb30f13daec073037"
dependencies = [
 "camino",
 "cargo-platform",
 "semver 1.0.23",
 "serde",
 "serde_json",
 "thiserror",
]

[[package]]
name = "cfg-if"
version = "1.0.0"
source = "registry+https://github.com/rust-lang/crates.io-index"
checksum = "baf1de4339761588bc0619e3cbc0120ee582ebb74b53b4efbf79117bd2da40fd"

[[package]]
name = "core_maths"
version = "0.1.0"
source = "registry+https://github.com/rust-lang/crates.io-index"
checksum = "e3b02505ccb8c50b0aa21ace0fc08c3e53adebd4e58caa18a36152803c7709a3"
dependencies = [
 "libm",
]

[[package]]
name = "crc32fast"
version = "1.4.2"
source = "registry+https://github.com/rust-lang/crates.io-index"
checksum = "a97769d94ddab943e4510d138150169a2758b5ef3eb191a9ee688de3e23ef7b3"
dependencies = [
 "cfg-if",
]

[[package]]
name = "crossbeam-utils"
version = "0.8.20"
source = "registry+https://github.com/rust-lang/crates.io-index"
checksum = "22ec99545bb0ed0ea7bb9b8e1e9122ea386ff8a48c0922e43f36d45ab09e0e80"

[[package]]
name = "databake"
version = "0.1.8"
source = "registry+https://github.com/rust-lang/crates.io-index"
checksum = "6a04fbfbecca8f0679c8c06fef907594adcc3e2052e11163a6d30535a1a5604d"
dependencies = [
 "databake-derive",
 "proc-macro2",
 "quote",
]

[[package]]
name = "databake-derive"
version = "0.1.8"
source = "registry+https://github.com/rust-lang/crates.io-index"
checksum = "4078275de501a61ceb9e759d37bdd3d7210e654dbc167ac1a3678ef4435ed57b"
dependencies = [
 "proc-macro2",
 "quote",
 "syn",
 "synstructure",
]

[[package]]
name = "deduplicating_array"
version = "0.1.6"
source = "registry+https://github.com/rust-lang/crates.io-index"
checksum = "1d579f0dbb23612a78e2d3a483dd1bff5edafa84592d15ba5eb5e3fd689b7d98"
dependencies = [
 "serde",
]

[[package]]
name = "displaydoc"
version = "0.2.5"
source = "registry+https://github.com/rust-lang/crates.io-index"
checksum = "97369cbbc041bc366949bc74d34658d6cda5621039731c6310521892a3a20ae0"
dependencies = [
 "proc-macro2",
 "quote",
 "syn",
]

[[package]]
name = "either"
version = "1.13.0"
source = "registry+https://github.com/rust-lang/crates.io-index"
checksum = "60b1af1c220855b6ceac025d3f6ecdd2b7c4894bfe9cd9bda4fbb4bc7c0d4cf0"

[[package]]
name = "elsa"
version = "1.10.0"
source = "registry+https://github.com/rust-lang/crates.io-index"
checksum = "d98e71ae4df57d214182a2e5cb90230c0192c6ddfcaa05c36453d46a54713e10"
dependencies = [
 "stable_deref_trait",
]

[[package]]
name = "env_logger"
version = "0.9.3"
source = "registry+https://github.com/rust-lang/crates.io-index"
checksum = "a12e6657c4c97ebab115a42dcee77225f7f482cdd841cf7088c657a42e9e00e7"
dependencies = [
 "atty",
 "humantime",
 "log",
 "regex",
 "termcolor",
]

[[package]]
name = "erased-serde"
version = "0.3.31"
source = "registry+https://github.com/rust-lang/crates.io-index"
checksum = "6c138974f9d5e7fe373eb04df7cae98833802ae4b11c24ac7039a21d5af4b26c"
dependencies = [
 "serde",
]

[[package]]
name = "executor"
version = "0.0.0"
dependencies = [
 "cargo_metadata",
 "env_logger",
 "fixed_decimal",
 "icu",
 "icu_datagen",
 "icu_provider",
 "ixdtf",
 "json",
 "log",
 "rustc_version_runtime",
 "serde",
 "serde_json",
 "writeable",
]

[[package]]
name = "fixed_decimal"
version = "0.5.5"
source = "registry+https://github.com/rust-lang/crates.io-index"
checksum = "cbc7fdec9d7f6671a3ebb3282c969962aba67c49f6abac5311959b65cafabc10"
dependencies = [
 "displaydoc",
 "smallvec",
 "writeable",
]

[[package]]
name = "flate2"
version = "1.0.30"
source = "registry+https://github.com/rust-lang/crates.io-index"
checksum = "5f54427cfd1c7829e2a139fcefea601bf088ebca651d2bf53ebc600eac295dae"
dependencies = [
 "crc32fast",
 "miniz_oxide",
]

[[package]]
name = "hermit-abi"
version = "0.1.19"
source = "registry+https://github.com/rust-lang/crates.io-index"
checksum = "62b467343b94ba476dcb2500d242dadbb39557df889310ac77c5d99100aaac33"
dependencies = [
 "libc",
]

[[package]]
name = "humantime"
version = "2.1.0"
source = "registry+https://github.com/rust-lang/crates.io-index"
checksum = "9a3a5bfb195931eeb336b2a7b4d761daec841b97f947d34394601737a7bba5e4"

[[package]]
name = "icu"
version = "1.3.2"
source = "registry+https://github.com/rust-lang/crates.io-index"
checksum = "30f75f394ebee8d539bef8f6f02ad7b5f41c33de74c9eae1a50337b382a5aab1"
dependencies = [
 "icu_calendar",
 "icu_casemap",
 "icu_collator",
 "icu_collections",
 "icu_compactdecimal",
 "icu_datetime",
 "icu_decimal",
 "icu_displaynames",
 "icu_list",
 "icu_locid",
 "icu_locid_transform",
 "icu_normalizer",
 "icu_plurals",
 "icu_properties",
 "icu_provider",
 "icu_relativetime",
 "icu_segmenter",
 "icu_timezone",
 "icu_transliterate",
]

[[package]]
name = "icu_calendar"
version = "1.3.2"
source = "registry+https://github.com/rust-lang/crates.io-index"
checksum = "b520c5675775e3838447c33fc55bf558148c6824ef0d20ff7a9e0df7345a281c"
dependencies = [
 "calendrical_calculations",
 "databake",
 "displaydoc",
 "icu_calendar_data",
 "icu_locid",
 "icu_locid_transform",
 "icu_provider",
 "serde",
 "tinystr",
 "writeable",
 "zerovec",
]

[[package]]
name = "icu_calendar_data"
version = "1.3.2"
source = "registry+https://github.com/rust-lang/crates.io-index"
checksum = "75d8d1a514ca7e6dc547be930f2fd661d578909c07cf1c1adade81c3f7a78840"

[[package]]
name = "icu_casemap"
version = "1.3.2"
source = "registry+https://github.com/rust-lang/crates.io-index"
checksum = "976068d7759293cbd9daa0d1669618bb9094c7ee54e546cd8b877dd4fe59007a"
dependencies = [
 "databake",
 "displaydoc",
 "icu_casemap_data",
 "icu_collections",
 "icu_locid",
 "icu_properties",
 "icu_provider",
 "serde",
 "writeable",
 "zerovec",
]

[[package]]
name = "icu_casemap_data"
version = "1.3.2"
source = "registry+https://github.com/rust-lang/crates.io-index"
checksum = "1251070c14d5b94cd00f97025e9cedce6a6eeb39485e2a226c58432cc4f72ffd"

[[package]]
name = "icu_codepointtrie_builder"
version = "0.3.6"
source = "registry+https://github.com/rust-lang/crates.io-index"
checksum = "872a3fcc14248bb28572e1340fc23c14c0bcc083d1660743a76c4121e7fcb859"
dependencies = [
 "icu_collections",
 "toml",
]

[[package]]
name = "icu_collator"
version = "1.3.3"
source = "registry+https://github.com/rust-lang/crates.io-index"
checksum = "be493c81154545a00fc5196e814cae0e1470bc696d518b5df877049aa6bcefe1"
dependencies = [
 "databake",
 "displaydoc",
 "icu_collator_data",
 "icu_collections",
 "icu_locid",
 "icu_locid_transform",
 "icu_normalizer",
 "icu_properties",
 "icu_provider",
 "serde",
 "smallvec",
 "utf16_iter",
 "utf8_iter",
 "zerovec",
]

[[package]]
name = "icu_collator_data"
version = "1.3.3"
source = "registry+https://github.com/rust-lang/crates.io-index"
checksum = "4dbe9abe5ce570ad4707026f37bc21ef95c36b945c3c4564b9aa4e2e1c043126"

[[package]]
name = "icu_collections"
version = "1.3.2"
source = "registry+https://github.com/rust-lang/crates.io-index"
checksum = "3907b2246e8dd5a29ead8a965e7c0c8a90e9b928e614a4279257d45c5e553e91"
dependencies = [
 "databake",
 "displaydoc",
 "serde",
 "yoke",
 "zerofrom",
 "zerovec",
]

[[package]]
name = "icu_compactdecimal"
version = "0.2.2"
source = "registry+https://github.com/rust-lang/crates.io-index"
checksum = "4a8bb9143e7681fd5f5877c76f7b6365e173545d00d0e12ef23ba1888a996baa"
dependencies = [
 "displaydoc",
 "fixed_decimal",
 "icu_compactdecimal_data",
 "icu_decimal",
 "icu_locid_transform",
 "icu_plurals",
 "icu_provider",
 "writeable",
 "zerovec",
]

[[package]]
name = "icu_compactdecimal_data"
version = "1.3.4"
source = "registry+https://github.com/rust-lang/crates.io-index"
checksum = "51cc4515902110b79d180c561c13b87e5b42bad85edf719a1d59ec713cd6ccf7"

[[package]]
name = "icu_datagen"
version = "1.3.4"
source = "registry+https://github.com/rust-lang/crates.io-index"
checksum = "c18841558a42e0a588d746abf28fff9d566bb120ddac3cff47f8c8a0f089ec9c"
dependencies = [
 "displaydoc",
 "elsa",
 "icu_calendar",
 "icu_casemap",
 "icu_codepointtrie_builder",
 "icu_collator",
 "icu_collections",
 "icu_datetime",
 "icu_decimal",
 "icu_list",
 "icu_locid",
 "icu_locid_transform",
 "icu_normalizer",
 "icu_plurals",
 "icu_properties",
 "icu_provider",
 "icu_provider_adapters",
 "icu_segmenter",
 "icu_timezone",
 "itertools",
 "log",
 "memchr",
 "ndarray",
 "once_cell",
 "serde",
 "serde-aux",
 "serde_json",
 "tinystr",
 "toml",
 "twox-hash",
 "writeable",
 "zerotrie",
 "zerovec",
 "zip",
]

[[package]]
name = "icu_datetime"
version = "1.3.2"
source = "registry+https://github.com/rust-lang/crates.io-index"
checksum = "5f5bf2e6dd961b59ee5935070220915db6cf0ab5137de362964f800c2b7d14fa"
dependencies = [
 "databake",
 "displaydoc",
 "either",
 "fixed_decimal",
 "icu_calendar",
 "icu_datetime_data",
 "icu_decimal",
 "icu_locid",
 "icu_locid_transform",
 "icu_plurals",
 "icu_provider",
 "icu_timezone",
 "litemap",
 "serde",
 "smallvec",
 "tinystr",
 "writeable",
 "zerovec",
]

[[package]]
name = "icu_datetime_data"
version = "1.3.4"
source = "registry+https://github.com/rust-lang/crates.io-index"
checksum = "ced82224d980ffebafebf443a85c062ac6e801a24415324d0f25962b088f55f4"

[[package]]
name = "icu_decimal"
version = "1.3.2"
source = "registry+https://github.com/rust-lang/crates.io-index"
checksum = "1986a0b7df834aaddb911b4593c990950ac5606fc83ce9aad4311be80f51e81a"
dependencies = [
 "databake",
 "displaydoc",
 "fixed_decimal",
 "icu_decimal_data",
 "icu_locid",
 "icu_locid_transform",
 "icu_provider",
 "serde",
 "writeable",
]

[[package]]
name = "icu_decimal_data"
version = "1.3.4"
source = "registry+https://github.com/rust-lang/crates.io-index"
checksum = "20116c22b56b74384904ecd5e061fa7ece6e3eb26a48c524fc490ec8f46d26a2"

[[package]]
name = "icu_displaynames"
version = "0.11.1"
source = "registry+https://github.com/rust-lang/crates.io-index"
checksum = "c98329d348e918ac7e88e6d6613a46bef09ca8a65db4ddf70d86e6eaac0e2ec3"
dependencies = [
 "icu_displaynames_data",
 "icu_locid",
 "icu_locid_transform",
 "icu_provider",
 "serde",
 "tinystr",
 "zerovec",
]

[[package]]
name = "icu_displaynames_data"
version = "1.3.4"
source = "registry+https://github.com/rust-lang/crates.io-index"
checksum = "220c0ba83e42b255fef61ba9b78f22ba2ce1e27559a4029e3e24092b64f14a06"

[[package]]
name = "icu_list"
version = "1.3.2"
source = "registry+https://github.com/rust-lang/crates.io-index"
checksum = "dc1a44bbed77a7e7b555f9d7dd4b43f75ec1402b438a901d20451943d50cbd90"
dependencies = [
 "databake",
 "deduplicating_array",
 "displaydoc",
 "icu_list_data",
 "icu_locid_transform",
 "icu_provider",
 "regex-automata 0.2.0",
 "serde",
 "writeable",
]

[[package]]
name = "icu_list_data"
version = "1.3.2"
source = "registry+https://github.com/rust-lang/crates.io-index"
checksum = "d3237583f0cb7feafabb567c4492fe9ef1d2d4113f6a8798a923273ea5de996d"

[[package]]
name = "icu_locid"
version = "1.3.2"
source = "registry+https://github.com/rust-lang/crates.io-index"
checksum = "f284eb342dc49d3e9d9f3b188489d76b5d22dfb1d1a5e0d1941811253bac625c"
dependencies = [
 "databake",
 "displaydoc",
 "litemap",
 "serde",
 "tinystr",
 "writeable",
 "zerovec",
]

[[package]]
name = "icu_locid_transform"
version = "1.3.2"
source = "registry+https://github.com/rust-lang/crates.io-index"
checksum = "6551daf80882d8e68eee186cc19e132d8bde1b1f059a79b93384a5ca0e8fc5e7"
dependencies = [
 "databake",
 "displaydoc",
 "icu_locid",
 "icu_locid_transform_data",
 "icu_provider",
 "serde",
 "tinystr",
 "zerovec",
]

[[package]]
name = "icu_locid_transform_data"
version = "1.3.2"
source = "registry+https://github.com/rust-lang/crates.io-index"
checksum = "2a741eba5431f75eb2f1f9022d3cffabcadda6771e54fb4e77c8ba8653e4da44"

[[package]]
name = "icu_normalizer"
version = "1.3.2"
source = "registry+https://github.com/rust-lang/crates.io-index"
checksum = "080fc33a720d50a7342b0c58df010fbcfb842d6f78ef81555f8b1ac6bba57d3c"
dependencies = [
 "databake",
 "displaydoc",
 "icu_collections",
 "icu_normalizer_data",
 "icu_properties",
 "icu_provider",
 "serde",
 "smallvec",
 "utf16_iter",
 "utf8_iter",
 "write16",
 "zerovec",
]

[[package]]
name = "icu_normalizer_data"
version = "1.3.2"
source = "registry+https://github.com/rust-lang/crates.io-index"
checksum = "6f8d22f74066c2e6442db2a9aa14950278e86719e811e304e48bae03094b369d"

[[package]]
name = "icu_plurals"
version = "1.3.2"
source = "registry+https://github.com/rust-lang/crates.io-index"
checksum = "20556516b8be2b2f5dc3d6b23884b65c5c59ed8be0b44c419e4808c9b0792fce"
dependencies = [
 "databake",
 "displaydoc",
 "fixed_decimal",
 "icu_locid",
 "icu_locid_transform",
 "icu_plurals_data",
 "icu_provider",
 "serde",
 "zerovec",
]

[[package]]
name = "icu_plurals_data"
version = "1.3.2"
source = "registry+https://github.com/rust-lang/crates.io-index"
checksum = "fdc552215224997aaaa4e05d95981386d3c52042acebfcc732137d5d9be96a21"

[[package]]
name = "icu_properties"
version = "1.3.2"
source = "registry+https://github.com/rust-lang/crates.io-index"
checksum = "3477ae70f8ca8dc08ff7574b5398ed0a2f2e4e6b66bdff2558a92ed67e262be1"
dependencies = [
 "databake",
 "displaydoc",
 "icu_collections",
 "icu_locid_transform",
 "icu_properties_data",
 "icu_provider",
 "serde",
 "tinystr",
 "zerovec",
]

[[package]]
name = "icu_properties_data"
version = "1.3.4"
source = "registry+https://github.com/rust-lang/crates.io-index"
checksum = "98507b488098f45eb95ef495612a2012e4d8ad6095dda86cb2f1728aa2204a60"

[[package]]
name = "icu_provider"
version = "1.3.2"
source = "registry+https://github.com/rust-lang/crates.io-index"
checksum = "68acdef80034b5e35d8524e9817479d389a4f9774f3f0cbe1bf3884d80fd5934"
dependencies = [
 "databake",
 "displaydoc",
 "erased-serde",
 "icu_locid",
 "icu_provider_macros",
 "log",
 "serde",
 "stable_deref_trait",
 "tinystr",
 "writeable",
 "yoke",
 "zerofrom",
 "zerovec",
]

[[package]]
name = "icu_provider_adapters"
version = "1.3.2"
source = "registry+https://github.com/rust-lang/crates.io-index"
checksum = "36b380ef2d3d93b015cd0563d7e0d005cc07f82a5503716dbc191798d0079e1d"
dependencies = [
 "icu_locid",
 "icu_locid_transform",
 "icu_provider",
 "tinystr",
 "zerovec",
]

[[package]]
name = "icu_provider_macros"
version = "1.3.2"
source = "registry+https://github.com/rust-lang/crates.io-index"
checksum = "2060258edfcfe32ca7058849bf0f146cb5c59aadbedf480333c0d0002f97bc99"
dependencies = [
 "proc-macro2",
 "quote",
 "syn",
]

[[package]]
name = "icu_relativetime"
version = "0.1.3"
source = "registry+https://github.com/rust-lang/crates.io-index"
checksum = "c4e6c1b531ab35f5b0cb552d3fb8dab1cb49f98e68e12bdc2169ca15e805207c"
dependencies = [
 "displaydoc",
 "fixed_decimal",
 "icu_decimal",
 "icu_locid_transform",
 "icu_plurals",
 "icu_provider",
 "icu_relativetime_data",
 "serde",
 "writeable",
 "zerovec",
]

[[package]]
name = "icu_relativetime_data"
version = "1.3.2"
source = "registry+https://github.com/rust-lang/crates.io-index"
checksum = "71ec2ca0aff8c6865075c6257bc91d21a77acb6465635306a280af89208bed24"

[[package]]
name = "icu_segmenter"
version = "1.3.2"
source = "registry+https://github.com/rust-lang/crates.io-index"
checksum = "bcb3c1981ce2187a745f391a741cb14e77453325acb3b2e014b05da51c0a39f2"
dependencies = [
 "core_maths",
 "databake",
 "displaydoc",
 "icu_collections",
 "icu_locid",
 "icu_provider",
 "icu_segmenter_data",
 "serde",
 "utf8_iter",
 "zerovec",
]

[[package]]
name = "icu_segmenter_data"
version = "1.3.2"
source = "registry+https://github.com/rust-lang/crates.io-index"
checksum = "9703f6713044d1c0a1335a6d78ffece4c9380582416ace6feeb608e84d279fc7"

[[package]]
name = "icu_timezone"
version = "1.3.2"
source = "registry+https://github.com/rust-lang/crates.io-index"
checksum = "19e6401cd210ccda98b2e7fc707831b29c6efe319efbbec460f957b6f331f626"
dependencies = [
 "databake",
 "displaydoc",
 "icu_calendar",
 "icu_locid",
 "icu_provider",
 "icu_timezone_data",
 "serde",
 "tinystr",
 "zerotrie",
 "zerovec",
]

[[package]]
name = "icu_timezone_data"
version = "1.3.2"
source = "registry+https://github.com/rust-lang/crates.io-index"
checksum = "6d7e214a653bac59b768c42f82d252f13af95e8a9cb07b6108b8bc723c561b43"

[[package]]
name = "icu_transliterate"
version = "0.1.1"
source = "registry+https://github.com/rust-lang/crates.io-index"
checksum = "d4bdf006774b5a5898d97af6c95b148d34cd5c87cbed00610ff873e5b5885e28"
dependencies = [
 "displaydoc",
 "icu_collections",
 "icu_locid",
 "icu_normalizer",
 "icu_properties",
 "icu_provider",
 "icu_unicodeset_parse",
 "litemap",
 "serde",
 "zerovec",
]

[[package]]
name = "icu_unicodeset_parse"
version = "0.1.1"
source = "registry+https://github.com/rust-lang/crates.io-index"
checksum = "b2c3c1ab072cb9ec2dfb377ed7be07bf1bdce055b8324ba6392323f588c38c5a"
dependencies = [
 "icu_collections",
 "icu_properties",
 "icu_provider",
 "tinystr",
 "zerovec",
]

[[package]]
name = "itertools"
version = "0.10.5"
source = "registry+https://github.com/rust-lang/crates.io-index"
checksum = "b0fd2260e829bddf4cb6ea802289de2f86d6a7a690192fbe91b3f46e0f2c8473"
dependencies = [
 "either",
]

[[package]]
name = "itoa"
version = "1.0.11"
source = "registry+https://github.com/rust-lang/crates.io-index"
checksum = "49f1f14873335454500d59611f1cf4a4b0f786f9ac11f4312a78e4cf2566695b"

[[package]]
name = "ixdtf"
version = "0.2.0"
source = "registry+https://github.com/rust-lang/crates.io-index"
checksum = "2123305f927452a9502fc05c33800280d90127c95c50eb45ec6b3c50346afbf3"
dependencies = [
 "displaydoc",
]

[[package]]
name = "json"
version = "0.12.4"
source = "registry+https://github.com/rust-lang/crates.io-index"
checksum = "078e285eafdfb6c4b434e0d31e8cfcb5115b651496faca5749b88fafd4f23bfd"

[[package]]
name = "libc"
version = "0.2.155"
source = "registry+https://github.com/rust-lang/crates.io-index"
checksum = "97b3888a4aecf77e811145cadf6eef5901f4782c53886191b2f693f24761847c"

[[package]]
name = "libm"
version = "0.2.8"
source = "registry+https://github.com/rust-lang/crates.io-index"
checksum = "4ec2a862134d2a7d32d7983ddcdd1c4923530833c9f2ea1a44fc5fa473989058"

[[package]]
name = "litemap"
version = "0.7.3"
source = "registry+https://github.com/rust-lang/crates.io-index"
checksum = "643cb0b8d4fcc284004d5fd0d67ccf61dfffadb7f75e1e71bc420f4688a3a704"
dependencies = [
 "serde",
]

[[package]]
name = "log"
version = "0.4.22"
source = "registry+https://github.com/rust-lang/crates.io-index"
checksum = "a7a70ba024b9dc04c27ea2f0c0548feb474ec5c54bba33a7f72f873a39d07b24"

[[package]]
name = "matrixmultiply"
version = "0.3.8"
source = "registry+https://github.com/rust-lang/crates.io-index"
checksum = "7574c1cf36da4798ab73da5b215bbf444f50718207754cb522201d78d1cd0ff2"
dependencies = [
 "autocfg",
 "rawpointer",
]

[[package]]
name = "memchr"
version = "2.7.4"
source = "registry+https://github.com/rust-lang/crates.io-index"
checksum = "78ca9ab1a0babb1e7d5695e3530886289c18cf2f87ec19a575a0abdce112e3a3"

[[package]]
name = "miniz_oxide"
version = "0.7.4"
source = "registry+https://github.com/rust-lang/crates.io-index"
checksum = "b8a240ddb74feaf34a79a7add65a741f3167852fba007066dcac1ca548d89c08"
dependencies = [
 "adler",
]

[[package]]
name = "ndarray"
version = "0.15.6"
source = "registry+https://github.com/rust-lang/crates.io-index"
checksum = "adb12d4e967ec485a5f71c6311fe28158e9d6f4bc4a447b474184d0f91a8fa32"
dependencies = [
 "matrixmultiply",
 "num-complex",
 "num-integer",
 "num-traits",
 "rawpointer",
]

[[package]]
name = "num-complex"
version = "0.4.6"
source = "registry+https://github.com/rust-lang/crates.io-index"
checksum = "73f88a1307638156682bada9d7604135552957b7818057dcef22705b4d509495"
dependencies = [
 "num-traits",
]

[[package]]
name = "num-integer"
version = "0.1.46"
source = "registry+https://github.com/rust-lang/crates.io-index"
checksum = "7969661fd2958a5cb096e56c8e1ad0444ac2bbcd0061bd28660485a44879858f"
dependencies = [
 "num-traits",
]

[[package]]
name = "num-traits"
version = "0.2.19"
source = "registry+https://github.com/rust-lang/crates.io-index"
checksum = "071dfc062690e90b734c0b2273ce72ad0ffa95f0c74596bc250dcfd960262841"
dependencies = [
 "autocfg",
]

[[package]]
name = "once_cell"
version = "1.19.0"
source = "registry+https://github.com/rust-lang/crates.io-index"
checksum = "3fdb12b2476b595f9358c5161aa467c2438859caa136dec86c26fdd2efe17b92"

[[package]]
name = "proc-macro2"
version = "1.0.86"
source = "registry+https://github.com/rust-lang/crates.io-index"
checksum = "5e719e8df665df0d1c8fbfd238015744736151d4445ec0836b8e628aae103b77"
dependencies = [
 "unicode-ident",
]

[[package]]
name = "quote"
version = "1.0.36"
source = "registry+https://github.com/rust-lang/crates.io-index"
checksum = "0fa76aaf39101c457836aec0ce2316dbdc3ab723cdda1c6bd4e6ad4208acaca7"
dependencies = [
 "proc-macro2",
]

[[package]]
name = "rawpointer"
version = "0.2.1"
source = "registry+https://github.com/rust-lang/crates.io-index"
checksum = "60a357793950651c4ed0f3f52338f53b2f809f32d83a07f72909fa13e4c6c1e3"

[[package]]
name = "regex"
version = "1.10.5"
source = "registry+https://github.com/rust-lang/crates.io-index"
checksum = "b91213439dad192326a0d7c6ee3955910425f441d7038e0d6933b0aec5c4517f"
dependencies = [
 "aho-corasick",
 "memchr",
 "regex-automata 0.4.7",
 "regex-syntax 0.8.4",
]

[[package]]
name = "regex-automata"
version = "0.2.0"
source = "registry+https://github.com/rust-lang/crates.io-index"
checksum = "e9368763f5a9b804326f3af749e16f9abf378d227bcdee7634b13d8f17793782"
dependencies = [
 "memchr",
 "regex-syntax 0.6.29",
]

[[package]]
name = "regex-automata"
version = "0.4.7"
source = "registry+https://github.com/rust-lang/crates.io-index"
checksum = "38caf58cc5ef2fed281f89292ef23f6365465ed9a41b7a7754eb4e26496c92df"
dependencies = [
 "aho-corasick",
 "memchr",
 "regex-syntax 0.8.4",
]

[[package]]
name = "regex-syntax"
version = "0.6.29"
source = "registry+https://github.com/rust-lang/crates.io-index"
checksum = "f162c6dd7b008981e4d40210aca20b4bd0f9b60ca9271061b07f78537722f2e1"

[[package]]
name = "regex-syntax"
version = "0.8.4"
source = "registry+https://github.com/rust-lang/crates.io-index"
checksum = "7a66a03ae7c801facd77a29370b4faec201768915ac14a721ba36f20bc9c209b"

[[package]]
name = "rustc_version"
version = "0.2.3"
source = "registry+https://github.com/rust-lang/crates.io-index"
checksum = "138e3e0acb6c9fb258b19b67cb8abd63c00679d2851805ea151465464fe9030a"
dependencies = [
 "semver 0.9.0",
]

[[package]]
name = "rustc_version_runtime"
version = "0.1.5"
source = "registry+https://github.com/rust-lang/crates.io-index"
checksum = "6de8ecd7fad7731f306f69b6e10ec5a3178c61e464dcc06979427aa4cc891145"
dependencies = [
 "rustc_version",
 "semver 0.9.0",
]

[[package]]
name = "ryu"
version = "1.0.18"
source = "registry+https://github.com/rust-lang/crates.io-index"
checksum = "f3cb5ba0dc43242ce17de99c180e96db90b235b8a9fdc9543c96d2209116bd9f"

[[package]]
name = "semver"
version = "0.9.0"
source = "registry+https://github.com/rust-lang/crates.io-index"
checksum = "1d7eb9ef2c18661902cc47e535f9bc51b78acd254da71d375c2f6720d9a40403"
dependencies = [
 "semver-parser",
]

[[package]]
name = "semver"
version = "1.0.23"
source = "registry+https://github.com/rust-lang/crates.io-index"
checksum = "61697e0a1c7e512e84a621326239844a24d8207b4669b41bc18b32ea5cbf988b"
dependencies = [
 "serde",
]

[[package]]
name = "semver-parser"
version = "0.7.0"
source = "registry+https://github.com/rust-lang/crates.io-index"
checksum = "388a1df253eca08550bef6c72392cfe7c30914bf41df5269b68cbd6ff8f570a3"

[[package]]
name = "serde"
version = "1.0.204"
source = "registry+https://github.com/rust-lang/crates.io-index"
checksum = "bc76f558e0cbb2a839d37354c575f1dc3fdc6546b5be373ba43d95f231bf7c12"
dependencies = [
 "serde_derive",
]

[[package]]
name = "serde-aux"
version = "4.5.0"
source = "registry+https://github.com/rust-lang/crates.io-index"
checksum = "0d2e8bfba469d06512e11e3311d4d051a4a387a5b42d010404fecf3200321c95"
dependencies = [
 "serde",
 "serde_json",
]

[[package]]
name = "serde_derive"
version = "1.0.204"
source = "registry+https://github.com/rust-lang/crates.io-index"
checksum = "e0cd7e117be63d3c3678776753929474f3b04a43a080c744d6b0ae2a8c28e222"
dependencies = [
 "proc-macro2",
 "quote",
 "syn",
]

[[package]]
name = "serde_json"
version = "1.0.120"
source = "registry+https://github.com/rust-lang/crates.io-index"
checksum = "4e0d21c9a8cae1235ad58a00c11cb40d4b1e5c784f1ef2c537876ed6ffd8b7c5"
dependencies = [
 "itoa",
 "ryu",
 "serde",
]

[[package]]
name = "smallvec"
version = "1.13.2"
source = "registry+https://github.com/rust-lang/crates.io-index"
checksum = "3c5e1a9a646d36c3599cd173a41282daf47c44583ad367b8e6837255952e5c67"
dependencies = [
 "serde",
]

[[package]]
name = "stable_deref_trait"
version = "1.2.0"
source = "registry+https://github.com/rust-lang/crates.io-index"
checksum = "a8f112729512f8e442d81f95a8a7ddf2b7c6b8a1a6f509a95864142b30cab2d3"

[[package]]
name = "static_assertions"
version = "1.1.0"
source = "registry+https://github.com/rust-lang/crates.io-index"
checksum = "a2eb9349b6444b326872e140eb1cf5e7c522154d69e7a0ffb0fb81c06b37543f"

[[package]]
name = "syn"
version = "2.0.70"
source = "registry+https://github.com/rust-lang/crates.io-index"
checksum = "2f0209b68b3613b093e0ec905354eccaedcfe83b8cb37cbdeae64026c3064c16"
dependencies = [
 "proc-macro2",
 "quote",
 "unicode-ident",
]

[[package]]
name = "synstructure"
version = "0.13.1"
source = "registry+https://github.com/rust-lang/crates.io-index"
checksum = "c8af7666ab7b6390ab78131fb5b0fce11d6b7a6951602017c35fa82800708971"
dependencies = [
 "proc-macro2",
 "quote",
 "syn",
]

[[package]]
name = "termcolor"
version = "1.4.1"
source = "registry+https://github.com/rust-lang/crates.io-index"
checksum = "06794f8f6c5c898b3275aebefa6b8a1cb24cd2c6c79397ab15774837a0bc5755"
dependencies = [
 "winapi-util",
]

[[package]]
name = "thiserror"
version = "1.0.61"
source = "registry+https://github.com/rust-lang/crates.io-index"
checksum = "c546c80d6be4bc6a00c0f01730c08df82eaa7a7a61f11d656526506112cc1709"
dependencies = [
 "thiserror-impl",
]

[[package]]
name = "thiserror-impl"
version = "1.0.61"
source = "registry+https://github.com/rust-lang/crates.io-index"
checksum = "46c3384250002a6d5af4d114f2845d37b57521033f30d5c3f46c4d70e1197533"
dependencies = [
 "proc-macro2",
 "quote",
 "syn",
]

[[package]]
name = "tinystr"
version = "0.7.6"
source = "registry+https://github.com/rust-lang/crates.io-index"
checksum = "9117f5d4db391c1cf6927e7bea3db74b9a1c1add8f7eda9ffd5364f40f57b82f"
dependencies = [
 "databake",
 "displaydoc",
 "serde",
 "zerovec",
]

[[package]]
name = "toml"
version = "0.5.11"
source = "registry+https://github.com/rust-lang/crates.io-index"
checksum = "f4f7f0dd8d50a853a531c426359045b1998f04219d88799810762cd4ad314234"
dependencies = [
 "serde",
]

[[package]]
name = "twox-hash"
version = "1.6.3"
source = "registry+https://github.com/rust-lang/crates.io-index"
checksum = "97fee6b57c6a41524a810daee9286c02d7752c4253064d0b05472833a438f675"
dependencies = [
 "cfg-if",
 "static_assertions",
]

[[package]]
name = "unicode-ident"
version = "1.0.12"
source = "registry+https://github.com/rust-lang/crates.io-index"
checksum = "3354b9ac3fae1ff6755cb6db53683adb661634f67557942dea4facebec0fee4b"

[[package]]
name = "utf16_iter"
version = "1.0.5"
source = "registry+https://github.com/rust-lang/crates.io-index"
checksum = "c8232dd3cdaed5356e0f716d285e4b40b932ac434100fe9b7e0e8e935b9e6246"

[[package]]
name = "utf8_iter"
version = "1.0.4"
source = "registry+https://github.com/rust-lang/crates.io-index"
checksum = "b6c140620e7ffbb22c2dee59cafe6084a59b5ffc27a8859a5f0d494b5d52b6be"

[[package]]
name = "winapi"
version = "0.3.9"
source = "registry+https://github.com/rust-lang/crates.io-index"
checksum = "5c839a674fcd7a98952e593242ea400abe93992746761e38641405d28b00f419"
dependencies = [
 "winapi-i686-pc-windows-gnu",
 "winapi-x86_64-pc-windows-gnu",
]

[[package]]
name = "winapi-i686-pc-windows-gnu"
version = "0.4.0"
source = "registry+https://github.com/rust-lang/crates.io-index"
checksum = "ac3b87c63620426dd9b991e5ce0329eff545bccbbb34f3be09ff6fb6ab51b7b6"

[[package]]
name = "winapi-util"
version = "0.1.8"
source = "registry+https://github.com/rust-lang/crates.io-index"
checksum = "4d4cc384e1e73b93bafa6fb4f1df8c41695c8a91cf9c4c64358067d15a7b6c6b"
dependencies = [
 "windows-sys",
]

[[package]]
name = "winapi-x86_64-pc-windows-gnu"
version = "0.4.0"
source = "registry+https://github.com/rust-lang/crates.io-index"
checksum = "712e227841d057c1ee1cd2fb22fa7e5a5461ae8e48fa2ca79ec42cfc1931183f"

[[package]]
name = "windows-sys"
version = "0.52.0"
source = "registry+https://github.com/rust-lang/crates.io-index"
checksum = "282be5f36a8ce781fad8c8ae18fa3f9beff57ec1b52cb3de0789201425d9a33d"
dependencies = [
 "windows-targets",
]

[[package]]
name = "windows-targets"
version = "0.52.6"
source = "registry+https://github.com/rust-lang/crates.io-index"
checksum = "9b724f72796e036ab90c1021d4780d4d3d648aca59e491e6b98e725b84e99973"
dependencies = [
 "windows_aarch64_gnullvm",
 "windows_aarch64_msvc",
 "windows_i686_gnu",
 "windows_i686_gnullvm",
 "windows_i686_msvc",
 "windows_x86_64_gnu",
 "windows_x86_64_gnullvm",
 "windows_x86_64_msvc",
]

[[package]]
name = "windows_aarch64_gnullvm"
version = "0.52.6"
source = "registry+https://github.com/rust-lang/crates.io-index"
checksum = "32a4622180e7a0ec044bb555404c800bc9fd9ec262ec147edd5989ccd0c02cd3"

[[package]]
name = "windows_aarch64_msvc"
version = "0.52.6"
source = "registry+https://github.com/rust-lang/crates.io-index"
checksum = "09ec2a7bb152e2252b53fa7803150007879548bc709c039df7627cabbd05d469"

[[package]]
name = "windows_i686_gnu"
version = "0.52.6"
source = "registry+https://github.com/rust-lang/crates.io-index"
checksum = "8e9b5ad5ab802e97eb8e295ac6720e509ee4c243f69d781394014ebfe8bbfa0b"

[[package]]
name = "windows_i686_gnullvm"
version = "0.52.6"
source = "registry+https://github.com/rust-lang/crates.io-index"
checksum = "0eee52d38c090b3caa76c563b86c3a4bd71ef1a819287c19d586d7334ae8ed66"

[[package]]
name = "windows_i686_msvc"
version = "0.52.6"
source = "registry+https://github.com/rust-lang/crates.io-index"
checksum = "240948bc05c5e7c6dabba28bf89d89ffce3e303022809e73deaefe4f6ec56c66"

[[package]]
name = "windows_x86_64_gnu"
version = "0.52.6"
source = "registry+https://github.com/rust-lang/crates.io-index"
checksum = "147a5c80aabfbf0c7d901cb5895d1de30ef2907eb21fbbab29ca94c5b08b1a78"

[[package]]
name = "windows_x86_64_gnullvm"
version = "0.52.6"
source = "registry+https://github.com/rust-lang/crates.io-index"
checksum = "24d5b23dc417412679681396f2b49f3de8c1473deb516bd34410872eff51ed0d"

[[package]]
name = "windows_x86_64_msvc"
version = "0.52.6"
source = "registry+https://github.com/rust-lang/crates.io-index"
checksum = "589f6da84c646204747d1270a2a5661ea66ed1cced2631d546fdfb155959f9ec"

[[package]]
name = "write16"
version = "1.0.0"
source = "registry+https://github.com/rust-lang/crates.io-index"
checksum = "d1890f4022759daae28ed4fe62859b1236caebfc61ede2f63ed4e695f3f6d936"

[[package]]
name = "writeable"
version = "0.5.5"
source = "registry+https://github.com/rust-lang/crates.io-index"
checksum = "1e9df38ee2d2c3c5948ea468a8406ff0db0b29ae1ffde1bcf20ef305bcc95c51"

[[package]]
name = "yoke"
version = "0.7.4"
source = "registry+https://github.com/rust-lang/crates.io-index"
checksum = "6c5b1314b079b0930c31e3af543d8ee1757b1951ae1e1565ec704403a7240ca5"
dependencies = [
 "serde",
 "stable_deref_trait",
 "yoke-derive",
 "zerofrom",
]

[[package]]
name = "yoke-derive"
version = "0.7.4"
source = "registry+https://github.com/rust-lang/crates.io-index"
checksum = "28cc31741b18cb6f1d5ff12f5b7523e3d6eb0852bbbad19d73905511d9849b95"
dependencies = [
 "proc-macro2",
 "quote",
 "syn",
 "synstructure",
]

[[package]]
name = "zerofrom"
version = "0.1.4"
source = "registry+https://github.com/rust-lang/crates.io-index"
checksum = "91ec111ce797d0e0784a1116d0ddcdbea84322cd79e5d5ad173daeba4f93ab55"
dependencies = [
 "zerofrom-derive",
]

[[package]]
name = "zerofrom-derive"
version = "0.1.4"
source = "registry+https://github.com/rust-lang/crates.io-index"
checksum = "0ea7b4a3637ea8669cedf0f1fd5c286a17f3de97b8dd5a70a6c167a1730e63a5"
dependencies = [
 "proc-macro2",
 "quote",
 "syn",
 "synstructure",
]

[[package]]
name = "zerotrie"
version = "0.1.3"
source = "registry+https://github.com/rust-lang/crates.io-index"
checksum = "fb594dd55d87335c5f60177cee24f19457a5ec10a065e0a3014722ad252d0a1f"
dependencies = [
 "databake",
 "displaydoc",
 "litemap",
 "serde",
 "yoke",
 "zerofrom",
 "zerovec",
]

[[package]]
name = "zerovec"
version = "0.10.3"
source = "registry+https://github.com/rust-lang/crates.io-index"
checksum = "5d7fce6acea41ceb5b97f7aee91a5d876d5fbca1f847cb60e13afecd7093cad0"
dependencies = [
 "databake",
 "serde",
 "yoke",
 "zerofrom",
 "zerovec-derive",
]

[[package]]
name = "zerovec-derive"
version = "0.10.2"
source = "registry+https://github.com/rust-lang/crates.io-index"
checksum = "97cf56601ee5052b4417d90c8755c6683473c926039908196cf35d99f893ebe7"
dependencies = [
 "proc-macro2",
 "quote",
 "syn",
]

[[package]]
name = "zip"
version = "0.6.6"
source = "registry+https://github.com/rust-lang/crates.io-index"
checksum = "760394e246e4c28189f19d488c058bf16f564016aefac5d32bb1f3b51d5e9261"
dependencies = [
 "byteorder",
 "crc32fast",
 "crossbeam-utils",
 "flate2",
]
