# This file is automatically @generated by Cargo.
# It is not intended for manual editing.
version = 4

[[package]]
name = "adler2"
version = "2.0.0"
source = "registry+https://github.com/rust-lang/crates.io-index"
checksum = "512761e0bb2578dd7380c6baaa0f4ce03e84f95e960231d1dec8bf4d7d6e2627"

[[package]]
name = "aho-corasick"
version = "1.1.3"
source = "registry+https://github.com/rust-lang/crates.io-index"
checksum = "8e60d3430d3a69478ad0993f19238d2df97c507009a52b3c10addcd7f6bcb916"
dependencies = [
 "memchr",
]

[[package]]
name = "atty"
version = "0.2.14"
source = "registry+https://github.com/rust-lang/crates.io-index"
checksum = "d9b39be18770d11421cdb1b9947a45dd3f37e93092cbf377614828a319d5fee8"
dependencies = [
 "hermit-abi",
 "libc",
 "winapi",
]

[[package]]
name = "autocfg"
version = "1.4.0"
source = "registry+https://github.com/rust-lang/crates.io-index"
checksum = "ace50bade8e6234aa140d9a2f552bbee1db4d353f69b8217bc503490fc1a9f26"

[[package]]
name = "bitflags"
version = "2.9.0"
source = "registry+https://github.com/rust-lang/crates.io-index"
checksum = "5c8214115b7bf84099f1309324e63141d4c5d7cc26862f97a0a857dbefe165bd"

[[package]]
name = "byteorder"
version = "1.5.0"
source = "registry+https://github.com/rust-lang/crates.io-index"
checksum = "1fd0f2584146f6f2ef48085050886acf353beff7305ebd1ae69500e27c67f64b"

[[package]]
name = "calendrical_calculations"
version = "0.1.2"
source = "registry+https://github.com/rust-lang/crates.io-index"
checksum = "f27ca2b6e2f7d75f43e001ded6f25e79b80bded5abbe764cbdf78c25a3051f4b"
dependencies = [
 "core_maths",
 "displaydoc",
]

[[package]]
name = "camino"
version = "1.1.9"
source = "registry+https://github.com/rust-lang/crates.io-index"
checksum = "8b96ec4966b5813e2c0507c1f86115c8c5abaadc3980879c3424042a02fd1ad3"
dependencies = [
 "serde",
]

[[package]]
name = "cargo-platform"
version = "0.1.8"
source = "registry+https://github.com/rust-lang/crates.io-index"
checksum = "24b1f0365a6c6bb4020cd05806fd0d33c44d38046b8bd7f0e40814b9763cabfc"
dependencies = [
 "serde",
]

[[package]]
name = "cargo_metadata"
version = "0.18.1"
source = "registry+https://github.com/rust-lang/crates.io-index"
checksum = "2d886547e41f740c616ae73108f6eb70afe6d940c7bc697cb30f13daec073037"
dependencies = [
 "camino",
 "cargo-platform",
 "semver 1.0.24",
 "serde",
 "serde_json",
 "thiserror",
]

[[package]]
name = "cfg-if"
version = "1.0.0"
source = "registry+https://github.com/rust-lang/crates.io-index"
checksum = "baf1de4339761588bc0619e3cbc0120ee582ebb74b53b4efbf79117bd2da40fd"

[[package]]
name = "cobs"
version = "0.2.3"
source = "registry+https://github.com/rust-lang/crates.io-index"
checksum = "67ba02a97a2bd10f4b59b25c7973101c79642302776489e030cd13cdab09ed15"

[[package]]
name = "core_maths"
version = "0.1.0"
source = "registry+https://github.com/rust-lang/crates.io-index"
checksum = "e3b02505ccb8c50b0aa21ace0fc08c3e53adebd4e58caa18a36152803c7709a3"
dependencies = [
 "libm",
]

[[package]]
name = "crc32fast"
version = "1.4.2"
source = "registry+https://github.com/rust-lang/crates.io-index"
checksum = "a97769d94ddab943e4510d138150169a2758b5ef3eb191a9ee688de3e23ef7b3"
dependencies = [
 "cfg-if",
]

[[package]]
name = "crossbeam-utils"
version = "0.8.21"
source = "registry+https://github.com/rust-lang/crates.io-index"
checksum = "d0a5c400df2834b80a4c3327b3aad3a4c4cd4de0629063962b03235697506a28"

[[package]]
name = "databake"
version = "0.2.0"
source = "registry+https://github.com/rust-lang/crates.io-index"
checksum = "ff6ee9e2d2afb173bcdeee45934c89ec341ab26f91c9933774fc15c2b58f83ef"
dependencies = [
 "databake-derive",
 "proc-macro2",
 "quote",
]

[[package]]
name = "databake-derive"
version = "0.2.0"
source = "registry+https://github.com/rust-lang/crates.io-index"
checksum = "6834770958c7b84223607e49758ec0dde273c4df915e734aad50f62968a4c134"
dependencies = [
 "proc-macro2",
 "quote",
 "syn",
 "synstructure",
]

[[package]]
name = "displaydoc"
version = "0.2.5"
source = "registry+https://github.com/rust-lang/crates.io-index"
checksum = "97369cbbc041bc366949bc74d34658d6cda5621039731c6310521892a3a20ae0"
dependencies = [
 "proc-macro2",
 "quote",
 "syn",
]

[[package]]
name = "either"
version = "1.13.0"
source = "registry+https://github.com/rust-lang/crates.io-index"
checksum = "60b1af1c220855b6ceac025d3f6ecdd2b7c4894bfe9cd9bda4fbb4bc7c0d4cf0"

[[package]]
name = "elsa"
version = "1.10.0"
source = "registry+https://github.com/rust-lang/crates.io-index"
checksum = "d98e71ae4df57d214182a2e5cb90230c0192c6ddfcaa05c36453d46a54713e10"
dependencies = [
 "stable_deref_trait",
]

[[package]]
name = "env_logger"
version = "0.9.3"
source = "registry+https://github.com/rust-lang/crates.io-index"
checksum = "a12e6657c4c97ebab115a42dcee77225f7f482cdd841cf7088c657a42e9e00e7"
dependencies = [
 "atty",
 "humantime",
 "log",
 "regex",
 "termcolor",
]

[[package]]
name = "erased-serde"
version = "0.3.31"
source = "registry+https://github.com/rust-lang/crates.io-index"
checksum = "6c138974f9d5e7fe373eb04df7cae98833802ae4b11c24ac7039a21d5af4b26c"
dependencies = [
 "serde",
]

[[package]]
name = "executor"
version = "0.0.0"
dependencies = [
 "cargo_metadata",
 "env_logger",
 "fixed_decimal",
 "icu",
 "icu_provider",
 "icu_provider_source",
 "ixdtf",
 "json",
 "log",
 "rustc_version_runtime",
 "serde",
 "serde_json",
 "tinystr",
 "writeable",
]

[[package]]
name = "filetime"
version = "0.2.25"
source = "registry+https://github.com/rust-lang/crates.io-index"
checksum = "35c0522e981e68cbfa8c3f978441a5f34b30b96e146b33cd3359176b50fe8586"
dependencies = [
 "cfg-if",
 "libc",
 "libredox",
 "windows-sys",
]

[[package]]
name = "fixed_decimal"
version = "0.7.0"
source = "registry+https://github.com/rust-lang/crates.io-index"
checksum = "35943d22b2f19c0cb198ecf915910a8158e94541c89dcc63300d7799d46c2c5e"
dependencies = [
 "displaydoc",
 "smallvec",
 "writeable",
]

[[package]]
name = "flate2"
version = "1.0.35"
source = "registry+https://github.com/rust-lang/crates.io-index"
checksum = "c936bfdafb507ebbf50b8074c54fa31c5be9a1e7e5f467dd659697041407d07c"
dependencies = [
 "crc32fast",
 "miniz_oxide",
]

[[package]]
name = "hermit-abi"
version = "0.1.19"
source = "registry+https://github.com/rust-lang/crates.io-index"
checksum = "62b467343b94ba476dcb2500d242dadbb39557df889310ac77c5d99100aaac33"
dependencies = [
 "libc",
]

[[package]]
name = "humantime"
version = "2.1.0"
source = "registry+https://github.com/rust-lang/crates.io-index"
checksum = "9a3a5bfb195931eeb336b2a7b4d761daec841b97f947d34394601737a7bba5e4"

[[package]]
name = "icu"
version = "2.0.0-beta2"
source = "registry+https://github.com/rust-lang/crates.io-index"
checksum = "e1548a7c9389be41be434a13083aa402d0523cb720e9811fefab6a44cb78b951"
dependencies = [
 "icu_calendar",
 "icu_casemap",
 "icu_collator",
 "icu_collections",
 "icu_datetime",
 "icu_decimal",
 "icu_experimental",
 "icu_list",
 "icu_locale",
 "icu_normalizer",
 "icu_pattern",
 "icu_plurals",
 "icu_properties",
 "icu_provider",
 "icu_provider_registry",
 "icu_segmenter",
 "icu_time",
 "memchr",
]

[[package]]
name = "icu_calendar"
version = "2.0.0-beta2"
source = "registry+https://github.com/rust-lang/crates.io-index"
checksum = "9f664d19093224c9de27db5d1797b4105ae9545c0c540faf0d351884d1b24ca6"
dependencies = [
 "calendrical_calculations",
 "databake",
 "displaydoc",
 "icu_calendar_data",
 "icu_locale_core",
 "icu_provider",
 "ixdtf",
 "serde",
 "tinystr",
 "writeable",
 "zerovec",
]

[[package]]
name = "icu_calendar_data"
version = "2.0.0-beta2"
source = "registry+https://github.com/rust-lang/crates.io-index"
checksum = "fd70bb6c7a5d0d24c94fa18309118879bbde09052b18eec96fc75aa4c6dbf659"
dependencies = [
 "icu_locale",
 "icu_provider_baked",
]

[[package]]
name = "icu_casemap"
version = "2.0.0-beta2"
source = "registry+https://github.com/rust-lang/crates.io-index"
checksum = "2c7086105e07a4b9df3ee6be1b02d5f55b9348a785e53f4bcc281bed5ea2e9d8"
dependencies = [
 "databake",
 "displaydoc",
 "icu_casemap_data",
 "icu_collections",
 "icu_locale_core",
 "icu_properties",
 "icu_provider",
 "potential_utf",
 "serde",
 "writeable",
 "zerovec",
]

[[package]]
name = "icu_casemap_data"
version = "2.0.0-beta2"
source = "registry+https://github.com/rust-lang/crates.io-index"
checksum = "c73c14a74f7902d0101a574879a9994b27f34c75b4e6fcc5bc5259d5423b22d4"
dependencies = [
 "icu_provider_baked",
]

[[package]]
name = "icu_codepointtrie_builder"
version = "0.4.0"
source = "registry+https://github.com/rust-lang/crates.io-index"
checksum = "1ee11dde24a80c49641e6879e626a7f721884a9dd9c97d11e0e42d6c478a51d6"
dependencies = [
 "icu_collections",
 "zerovec",
]

[[package]]
name = "icu_collator"
version = "2.0.0-beta2"
source = "registry+https://github.com/rust-lang/crates.io-index"
checksum = "5d668b7743ee4179e4f740875737bbb2d173c2183fbcaecde4d9eb0f7738a5be"
dependencies = [
 "databake",
 "displaydoc",
 "icu_collator_data",
 "icu_collections",
 "icu_locale_core",
 "icu_normalizer",
 "icu_properties",
 "icu_provider",
 "serde",
 "smallvec",
 "utf16_iter",
 "utf8_iter",
 "zerovec",
]

[[package]]
name = "icu_collator_data"
version = "2.0.0-beta2"
source = "registry+https://github.com/rust-lang/crates.io-index"
checksum = "fdcca8ff65d855418d64ea4b0c77b7406a7b336d9a1af888dbbd6f14a07b5094"
dependencies = [
 "icu_locale",
 "icu_provider_baked",
]

[[package]]
name = "icu_collections"
version = "2.0.0-beta2"
source = "registry+https://github.com/rust-lang/crates.io-index"
checksum = "63df3227b8f369b3f7cc4003f0bdd9ca0083b871e2672811f699d69b473cc174"
dependencies = [
 "databake",
 "displaydoc",
 "potential_utf",
 "serde",
 "yoke 0.8.0",
 "zerofrom",
 "zerovec",
]

[[package]]
name = "icu_datetime"
version = "2.0.0-beta2"
source = "registry+https://github.com/rust-lang/crates.io-index"
checksum = "4017e92fa1287fb28dc846c75b87b30b38575c2e9edc77b1edd0170fc0d339b2"
dependencies = [
 "databake",
 "displaydoc",
 "either",
 "fixed_decimal",
 "icu_calendar",
 "icu_datetime_data",
 "icu_decimal",
 "icu_locale_core",
 "icu_pattern",
 "icu_plurals",
 "icu_provider",
 "icu_time",
 "litemap",
 "potential_utf",
 "serde",
 "smallvec",
 "tinystr",
 "writeable",
 "zerovec",
]

[[package]]
name = "icu_datetime_data"
version = "2.0.0-beta2"
source = "registry+https://github.com/rust-lang/crates.io-index"
checksum = "d182dee1c26553c3cc3c5313f6db0f73127e351fb6efb1c5da589a9a2ff65cfc"
dependencies = [
 "icu_locale",
 "icu_provider_baked",
]

[[package]]
name = "icu_decimal"
version = "2.0.0-beta2"
source = "registry+https://github.com/rust-lang/crates.io-index"
checksum = "17040a2d0453f9705a1fba94cf034872ca7a469e1316fdce4ee07b0824f05f16"
dependencies = [
 "databake",
 "displaydoc",
 "fixed_decimal",
 "icu_decimal_data",
 "icu_locale_core",
 "icu_provider",
 "serde",
 "tinystr",
 "writeable",
 "zerovec",
]

[[package]]
name = "icu_decimal_data"
version = "2.0.0-beta2"
source = "registry+https://github.com/rust-lang/crates.io-index"
checksum = "f677ebf0e8be740243b1785ca38eb9edf3ec7b998bb11159e02b4a66b732f5d8"
dependencies = [
 "icu_locale",
 "icu_provider_baked",
]

[[package]]
name = "icu_experimental"
version = "0.3.0-beta2"
source = "registry+https://github.com/rust-lang/crates.io-index"
checksum = "6302d1338eea2364d1fdb8bc95bfdb78486a68bd9041d8c3292150dd6fe64727"
dependencies = [
 "databake",
 "displaydoc",
 "either",
 "fixed_decimal",
 "icu_collections",
 "icu_decimal",
 "icu_experimental_data",
 "icu_list",
 "icu_locale",
 "icu_locale_core",
 "icu_normalizer",
 "icu_pattern",
 "icu_plurals",
 "icu_properties",
 "icu_provider",
 "litemap",
 "log",
 "num-bigint",
 "num-rational",
 "num-traits",
 "potential_utf",
 "serde",
 "smallvec",
 "tinystr",
 "writeable",
 "zerofrom",
 "zerotrie",
 "zerovec",
]

[[package]]
name = "icu_experimental_data"
version = "0.3.0-beta2"
source = "registry+https://github.com/rust-lang/crates.io-index"
checksum = "97291689c723850ebbe88f575753a80d824b0973e11c3bfd5dea435912d8f31b"
dependencies = [
 "icu_locale",
 "icu_provider_baked",
]

[[package]]
name = "icu_list"
version = "2.0.0-beta2"
source = "registry+https://github.com/rust-lang/crates.io-index"
checksum = "f16f8a547c49c00cf117e97a5c8a6536d0c61f2a60bd5c0eeb66b4436d2c69e5"
dependencies = [
 "databake",
 "displaydoc",
 "icu_list_data",
 "icu_provider",
 "regex-automata",
 "serde",
 "writeable",
 "zerovec",
]

[[package]]
name = "icu_list_data"
version = "2.0.0-beta2"
source = "registry+https://github.com/rust-lang/crates.io-index"
checksum = "27d3e18581b77c335c3d9445e27f62fa6dbec81387a82d55078caf6168dddb13"
dependencies = [
 "icu_locale",
 "icu_provider_baked",
]

[[package]]
name = "icu_locale"
version = "2.0.0-beta2"
source = "registry+https://github.com/rust-lang/crates.io-index"
checksum = "afa4c80f106c1cf0f1b66e0ae9806f603f1c2c41d004229af1b0c6cebe84c74a"
dependencies = [
 "databake",
 "displaydoc",
 "icu_collections",
 "icu_locale_core",
 "icu_locale_data",
 "icu_provider",
 "potential_utf",
 "serde",
 "tinystr",
 "zerovec",
]

[[package]]
name = "icu_locale_core"
version = "2.0.0-beta2"
source = "registry+https://github.com/rust-lang/crates.io-index"
checksum = "b80161b66511e4eb415ef110c67ea8cab4400b749f9e30c8691fff1354934b6b"
dependencies = [
 "databake",
 "displaydoc",
 "litemap",
 "serde",
 "tinystr",
 "writeable",
 "zerovec",
]

[[package]]
name = "icu_locale_data"
version = "2.0.0-beta2"
source = "registry+https://github.com/rust-lang/crates.io-index"
checksum = "1c1adc94a0bde584f8751381c0427d763ef5068fd388d670fabf966569f01465"
dependencies = [
 "icu_provider_baked",
]

[[package]]
name = "icu_normalizer"
version = "2.0.0-beta2"
source = "registry+https://github.com/rust-lang/crates.io-index"
checksum = "60d836c1ddf0d8f4dabfd30973dce3aea1f551ad09b382d5e7a386deccabbe77"
dependencies = [
 "databake",
 "displaydoc",
 "icu_collections",
 "icu_normalizer_data",
 "icu_properties",
 "icu_provider",
 "serde",
 "smallvec",
 "utf16_iter",
 "utf8_iter",
 "write16",
 "zerovec",
]

[[package]]
name = "icu_normalizer_data"
version = "2.0.0-beta2"
source = "registry+https://github.com/rust-lang/crates.io-index"
checksum = "3612f07b19be24caf69deef9d94473b6d2da9493a638c44735464a2dac0c4de6"
dependencies = [
 "icu_provider_baked",
]

[[package]]
name = "icu_pattern"
version = "0.4.0"
source = "registry+https://github.com/rust-lang/crates.io-index"
checksum = "983825f401e6bc4a13c45d552ffd9ad6f3f6b6bc0ec03f31d6835a90a46deb1f"
dependencies = [
 "databake",
 "displaydoc",
 "either",
 "serde",
 "writeable",
 "yoke 0.8.0",
 "zerovec",
]

[[package]]
name = "icu_plurals"
version = "2.0.0-beta2"
source = "registry+https://github.com/rust-lang/crates.io-index"
checksum = "6c6b9235b04c1a4acee9cb7a1454a06bcfe62fb042680b3201a11a2c62db500b"
dependencies = [
 "databake",
 "displaydoc",
 "fixed_decimal",
 "icu_plurals_data",
 "icu_provider",
 "serde",
 "zerovec",
]

[[package]]
name = "icu_plurals_data"
version = "2.0.0-beta2"
source = "registry+https://github.com/rust-lang/crates.io-index"
checksum = "f58d4cbf60eb00771801b654302ed63e389f4fd37aae3b0fa236e5d301726cc6"
dependencies = [
 "icu_locale",
 "icu_provider_baked",
]

[[package]]
name = "icu_properties"
version = "2.0.0-beta2"
source = "registry+https://github.com/rust-lang/crates.io-index"
checksum = "d38e872f460f80a6bc564b3545399898df1fcad0503f9da4486a5109ad0e3fe4"
dependencies = [
 "databake",
 "displaydoc",
 "icu_collections",
 "icu_locale_core",
 "icu_properties_data",
 "icu_provider",
 "potential_utf",
 "serde",
 "zerotrie",
 "zerovec",
]

[[package]]
name = "icu_properties_data"
version = "2.0.0-beta2"
source = "registry+https://github.com/rust-lang/crates.io-index"
checksum = "c2e35a8b7b4647edd7905c9e38c54bf699214fdd143a5df8cecd82d444ec3b94"
dependencies = [
 "icu_provider_baked",
]

[[package]]
name = "icu_provider"
version = "2.0.0-beta2"
source = "registry+https://github.com/rust-lang/crates.io-index"
checksum = "e0d462aad52985bb71e3140fcc44e54d816cf7f2c3f25cd9b090cc77a9798504"
dependencies = [
 "databake",
 "displaydoc",
 "erased-serde",
 "icu_locale_core",
 "log",
 "postcard",
 "serde",
 "stable_deref_trait",
 "tinystr",
 "writeable",
 "yoke 0.8.0",
 "zerofrom",
 "zerovec",
]

[[package]]
name = "icu_provider_adapters"
version = "2.0.0-beta2"
source = "registry+https://github.com/rust-lang/crates.io-index"
checksum = "555fe0430a8eb6539ef2f671bf8ae350472b2e8016acc7581fe7953141132080"
dependencies = [
 "icu_locale",
 "icu_provider",
 "tinystr",
 "zerovec",
]

[[package]]
name = "icu_provider_baked"
version = "2.0.0-beta2"
source = "registry+https://github.com/rust-lang/crates.io-index"
checksum = "2794f00ee1999495f4f1a1e35aee8f54fe7cfcbcf909ec05b60522377200aecb"
dependencies = [
 "icu_provider",
 "writeable",
 "zerotrie",
 "zerovec",
]

[[package]]
name = "icu_provider_registry"
version = "2.0.0-beta2"
source = "registry+https://github.com/rust-lang/crates.io-index"
checksum = "932f65eedae4c16546b40fc011329cb8ad2fbd3b217b5f67d6afd835ee0f7d19"

[[package]]
name = "icu_provider_source"
version = "2.0.0-beta2"
source = "registry+https://github.com/rust-lang/crates.io-index"
checksum = "15d0af096abf741f09d9ba5ce878561356c2a43231b0c88302378c4d39001538"
dependencies = [
 "calendrical_calculations",
 "displaydoc",
 "either",
 "elsa",
 "flate2",
 "icu",
 "icu_codepointtrie_builder",
 "icu_collections",
 "icu_pattern",
 "icu_provider",
 "icu_provider_adapters",
 "icu_provider_registry",
 "itertools",
 "litemap",
 "log",
 "ndarray",
 "parse-zoneinfo",
 "potential_utf",
 "serde",
 "serde-aux",
 "serde_json",
 "tar",
 "tinystr",
 "toml",
 "twox-hash",
 "writeable",
 "zerotrie",
 "zerovec",
 "zip",
]

[[package]]
name = "icu_segmenter"
version = "2.0.0-beta2"
source = "registry+https://github.com/rust-lang/crates.io-index"
checksum = "50edae3dd25f6a6e234202a15eaedd7770f46e2fc2e3db53a8ea6bca699d4ce1"
dependencies = [
 "core_maths",
 "databake",
 "displaydoc",
 "icu_collections",
 "icu_locale_core",
 "icu_provider",
 "icu_segmenter_data",
 "potential_utf",
 "serde",
 "utf8_iter",
 "zerovec",
]

[[package]]
name = "icu_segmenter_data"
version = "2.0.0-beta2"
source = "registry+https://github.com/rust-lang/crates.io-index"
checksum = "60bc1890fd5dc85748578463dae295fcb3271e911c7dd431424ed747c29b8cb7"
dependencies = [
 "icu_locale",
 "icu_provider_baked",
]

[[package]]
name = "icu_time"
version = "2.0.0-beta2"
source = "registry+https://github.com/rust-lang/crates.io-index"
checksum = "b506660b18afcbb7f089d616b79bcb2c58c62ef6b308b8ba09b89b177f0228ec"
dependencies = [
 "calendrical_calculations",
 "databake",
 "displaydoc",
 "icu_calendar",
 "icu_provider",
 "icu_time_data",
 "ixdtf",
 "serde",
 "tinystr",
 "writeable",
 "zerotrie",
 "zerovec",
]

[[package]]
name = "icu_time_data"
version = "2.0.0-beta2"
source = "registry+https://github.com/rust-lang/crates.io-index"
checksum = "5b15e682b25e7f4b790941d29f014e0581e00d9565e052ce0e3476b1f2a94332"
dependencies = [
 "icu_provider_baked",
]

[[package]]
name = "itertools"
version = "0.10.5"
source = "registry+https://github.com/rust-lang/crates.io-index"
checksum = "b0fd2260e829bddf4cb6ea802289de2f86d6a7a690192fbe91b3f46e0f2c8473"
dependencies = [
 "either",
]

[[package]]
name = "itoa"
version = "1.0.14"
source = "registry+https://github.com/rust-lang/crates.io-index"
checksum = "d75a2a4b1b190afb6f5425f10f6a8f959d2ea0b9c2b1d79553551850539e4674"

[[package]]
name = "ixdtf"
version = "0.4.0"
source = "registry+https://github.com/rust-lang/crates.io-index"
checksum = "b3be3d801e2817c5311a3be4f1e1b2148dcd2b10baadb3a5eade0544a0521ac9"
dependencies = [
 "displaydoc",
 "utf8_iter",
]

[[package]]
name = "json"
version = "0.12.4"
source = "registry+https://github.com/rust-lang/crates.io-index"
checksum = "078e285eafdfb6c4b434e0d31e8cfcb5115b651496faca5749b88fafd4f23bfd"

[[package]]
name = "libc"
version = "0.2.168"
source = "registry+https://github.com/rust-lang/crates.io-index"
checksum = "5aaeb2981e0606ca11d79718f8bb01164f1d6ed75080182d3abf017e6d244b6d"

[[package]]
name = "libm"
version = "0.2.11"
source = "registry+https://github.com/rust-lang/crates.io-index"
checksum = "8355be11b20d696c8f18f6cc018c4e372165b1fa8126cef092399c9951984ffa"

[[package]]
name = "libredox"
version = "0.1.3"
source = "registry+https://github.com/rust-lang/crates.io-index"
checksum = "c0ff37bd590ca25063e35af745c343cb7a0271906fb7b37e4813e8f79f00268d"
dependencies = [
 "bitflags",
 "libc",
 "redox_syscall",
]

[[package]]
name = "litemap"
version = "0.7.5"
source = "registry+https://github.com/rust-lang/crates.io-index"
checksum = "23fb14cb19457329c82206317a5663005a4d404783dc74f4252769b0d5f42856"
dependencies = [
 "serde",
]

[[package]]
name = "log"
version = "0.4.22"
source = "registry+https://github.com/rust-lang/crates.io-index"
checksum = "a7a70ba024b9dc04c27ea2f0c0548feb474ec5c54bba33a7f72f873a39d07b24"

[[package]]
name = "matrixmultiply"
version = "0.3.9"
source = "registry+https://github.com/rust-lang/crates.io-index"
checksum = "9380b911e3e96d10c1f415da0876389aaf1b56759054eeb0de7df940c456ba1a"
dependencies = [
 "autocfg",
 "rawpointer",
]

[[package]]
name = "memchr"
version = "2.7.4"
source = "registry+https://github.com/rust-lang/crates.io-index"
checksum = "78ca9ab1a0babb1e7d5695e3530886289c18cf2f87ec19a575a0abdce112e3a3"

[[package]]
name = "miniz_oxide"
version = "0.8.2"
source = "registry+https://github.com/rust-lang/crates.io-index"
checksum = "4ffbe83022cedc1d264172192511ae958937694cd57ce297164951b8b3568394"
dependencies = [
 "adler2",
]

[[package]]
name = "ndarray"
version = "0.15.6"
source = "registry+https://github.com/rust-lang/crates.io-index"
checksum = "adb12d4e967ec485a5f71c6311fe28158e9d6f4bc4a447b474184d0f91a8fa32"
dependencies = [
 "matrixmultiply",
 "num-complex",
 "num-integer",
 "num-traits",
 "rawpointer",
]

[[package]]
name = "num-bigint"
version = "0.4.6"
source = "registry+https://github.com/rust-lang/crates.io-index"
checksum = "a5e44f723f1133c9deac646763579fdb3ac745e418f2a7af9cd0c431da1f20b9"
dependencies = [
 "num-integer",
 "num-traits",
]

[[package]]
name = "num-complex"
version = "0.4.6"
source = "registry+https://github.com/rust-lang/crates.io-index"
checksum = "73f88a1307638156682bada9d7604135552957b7818057dcef22705b4d509495"
dependencies = [
 "num-traits",
]

[[package]]
name = "num-integer"
version = "0.1.46"
source = "registry+https://github.com/rust-lang/crates.io-index"
checksum = "7969661fd2958a5cb096e56c8e1ad0444ac2bbcd0061bd28660485a44879858f"
dependencies = [
 "num-traits",
]

[[package]]
name = "num-rational"
version = "0.4.2"
source = "registry+https://github.com/rust-lang/crates.io-index"
checksum = "f83d14da390562dca69fc84082e73e548e1ad308d24accdedd2720017cb37824"
dependencies = [
 "num-bigint",
 "num-integer",
 "num-traits",
]

[[package]]
name = "num-traits"
version = "0.2.19"
source = "registry+https://github.com/rust-lang/crates.io-index"
checksum = "071dfc062690e90b734c0b2273ce72ad0ffa95f0c74596bc250dcfd960262841"
dependencies = [
 "autocfg",
]

[[package]]
name = "parse-zoneinfo"
version = "0.3.1"
source = "registry+https://github.com/rust-lang/crates.io-index"
checksum = "1f2a05b18d44e2957b88f96ba460715e295bc1d7510468a2f3d3b44535d26c24"
dependencies = [
 "regex",
]

[[package]]
name = "postcard"
version = "1.1.1"
source = "registry+https://github.com/rust-lang/crates.io-index"
checksum = "170a2601f67cc9dba8edd8c4870b15f71a6a2dc196daec8c83f72b59dff628a8"
dependencies = [
 "cobs",
 "serde",
]

[[package]]
name = "potential_utf"
version = "0.1.2"
source = "registry+https://github.com/rust-lang/crates.io-index"
checksum = "e5a7c30837279ca13e7c867e9e40053bc68740f988cb07f7ca6df43cc734b585"
dependencies = [
 "databake",
 "serde",
 "zerovec",
]

[[package]]
name = "proc-macro2"
version = "1.0.92"
source = "registry+https://github.com/rust-lang/crates.io-index"
checksum = "37d3544b3f2748c54e147655edb5025752e2303145b5aefb3c3ea2c78b973bb0"
dependencies = [
 "unicode-ident",
]

[[package]]
name = "quote"
version = "1.0.37"
source = "registry+https://github.com/rust-lang/crates.io-index"
checksum = "b5b9d34b8991d19d98081b46eacdd8eb58c6f2b201139f7c5f643cc155a633af"
dependencies = [
 "proc-macro2",
]

[[package]]
name = "rawpointer"
version = "0.2.1"
source = "registry+https://github.com/rust-lang/crates.io-index"
checksum = "60a357793950651c4ed0f3f52338f53b2f809f32d83a07f72909fa13e4c6c1e3"

[[package]]
name = "redox_syscall"
version = "0.5.10"
source = "registry+https://github.com/rust-lang/crates.io-index"
checksum = "0b8c0c260b63a8219631167be35e6a988e9554dbd323f8bd08439c8ed1302bd1"
dependencies = [
 "bitflags",
]

[[package]]
name = "regex"
version = "1.11.1"
source = "registry+https://github.com/rust-lang/crates.io-index"
checksum = "b544ef1b4eac5dc2db33ea63606ae9ffcfac26c1416a2806ae0bf5f56b201191"
dependencies = [
 "aho-corasick",
 "memchr",
 "regex-automata",
 "regex-syntax",
]

[[package]]
name = "regex-automata"
version = "0.4.9"
source = "registry+https://github.com/rust-lang/crates.io-index"
checksum = "809e8dc61f6de73b46c85f4c96486310fe304c434cfa43669d7b40f711150908"
dependencies = [
 "aho-corasick",
 "memchr",
 "regex-syntax",
]

[[package]]
name = "regex-syntax"
version = "0.8.5"
source = "registry+https://github.com/rust-lang/crates.io-index"
checksum = "2b15c43186be67a4fd63bee50d0303afffcef381492ebe2c5d87f324e1b8815c"

[[package]]
name = "rustc_version"
version = "0.2.3"
source = "registry+https://github.com/rust-lang/crates.io-index"
checksum = "138e3e0acb6c9fb258b19b67cb8abd63c00679d2851805ea151465464fe9030a"
dependencies = [
 "semver 0.9.0",
]

[[package]]
name = "rustc_version_runtime"
version = "0.1.5"
source = "registry+https://github.com/rust-lang/crates.io-index"
checksum = "6de8ecd7fad7731f306f69b6e10ec5a3178c61e464dcc06979427aa4cc891145"
dependencies = [
 "rustc_version",
 "semver 0.9.0",
]

[[package]]
name = "ryu"
version = "1.0.18"
source = "registry+https://github.com/rust-lang/crates.io-index"
checksum = "f3cb5ba0dc43242ce17de99c180e96db90b235b8a9fdc9543c96d2209116bd9f"

[[package]]
name = "semver"
version = "0.9.0"
source = "registry+https://github.com/rust-lang/crates.io-index"
checksum = "1d7eb9ef2c18661902cc47e535f9bc51b78acd254da71d375c2f6720d9a40403"
dependencies = [
 "semver-parser",
]

[[package]]
name = "semver"
version = "1.0.24"
source = "registry+https://github.com/rust-lang/crates.io-index"
checksum = "3cb6eb87a131f756572d7fb904f6e7b68633f09cca868c5df1c4b8d1a694bbba"
dependencies = [
 "serde",
]

[[package]]
name = "semver-parser"
version = "0.7.0"
source = "registry+https://github.com/rust-lang/crates.io-index"
checksum = "388a1df253eca08550bef6c72392cfe7c30914bf41df5269b68cbd6ff8f570a3"

[[package]]
name = "serde"
version = "1.0.216"
source = "registry+https://github.com/rust-lang/crates.io-index"
checksum = "0b9781016e935a97e8beecf0c933758c97a5520d32930e460142b4cd80c6338e"
dependencies = [
 "serde_derive",
]

[[package]]
name = "serde-aux"
version = "4.5.0"
source = "registry+https://github.com/rust-lang/crates.io-index"
checksum = "0d2e8bfba469d06512e11e3311d4d051a4a387a5b42d010404fecf3200321c95"
dependencies = [
 "serde",
 "serde_json",
]

[[package]]
name = "serde_derive"
version = "1.0.216"
source = "registry+https://github.com/rust-lang/crates.io-index"
checksum = "46f859dbbf73865c6627ed570e78961cd3ac92407a2d117204c49232485da55e"
dependencies = [
 "proc-macro2",
 "quote",
 "syn",
]

[[package]]
name = "serde_json"
version = "1.0.133"
source = "registry+https://github.com/rust-lang/crates.io-index"
checksum = "c7fceb2473b9166b2294ef05efcb65a3db80803f0b03ef86a5fc88a2b85ee377"
dependencies = [
 "itoa",
 "memchr",
 "ryu",
 "serde",
]

[[package]]
name = "smallvec"
version = "1.13.2"
source = "registry+https://github.com/rust-lang/crates.io-index"
checksum = "3c5e1a9a646d36c3599cd173a41282daf47c44583ad367b8e6837255952e5c67"
dependencies = [
 "serde",
]

[[package]]
name = "stable_deref_trait"
version = "1.2.0"
source = "registry+https://github.com/rust-lang/crates.io-index"
checksum = "a8f112729512f8e442d81f95a8a7ddf2b7c6b8a1a6f509a95864142b30cab2d3"

[[package]]
name = "syn"
version = "2.0.90"
source = "registry+https://github.com/rust-lang/crates.io-index"
checksum = "919d3b74a5dd0ccd15aeb8f93e7006bd9e14c295087c9896a110f490752bcf31"
dependencies = [
 "proc-macro2",
 "quote",
 "unicode-ident",
]

[[package]]
name = "synstructure"
version = "0.13.1"
source = "registry+https://github.com/rust-lang/crates.io-index"
checksum = "c8af7666ab7b6390ab78131fb5b0fce11d6b7a6951602017c35fa82800708971"
dependencies = [
 "proc-macro2",
 "quote",
 "syn",
]

[[package]]
name = "tar"
version = "0.4.44"
source = "registry+https://github.com/rust-lang/crates.io-index"
checksum = "1d863878d212c87a19c1a610eb53bb01fe12951c0501cf5a0d65f724914a667a"
dependencies = [
 "filetime",
 "libc",
]

[[package]]
name = "termcolor"
version = "1.4.1"
source = "registry+https://github.com/rust-lang/crates.io-index"
checksum = "06794f8f6c5c898b3275aebefa6b8a1cb24cd2c6c79397ab15774837a0bc5755"
dependencies = [
 "winapi-util",
]

[[package]]
name = "thiserror"
version = "1.0.69"
source = "registry+https://github.com/rust-lang/crates.io-index"
checksum = "b6aaf5339b578ea85b50e080feb250a3e8ae8cfcdff9a461c9ec2904bc923f52"
dependencies = [
 "thiserror-impl",
]

[[package]]
name = "thiserror-impl"
version = "1.0.69"
source = "registry+https://github.com/rust-lang/crates.io-index"
checksum = "4fee6c4efc90059e10f81e6d42c60a18f76588c3d74cb83a0b242a2b6c7504c1"
dependencies = [
 "proc-macro2",
 "quote",
 "syn",
]

[[package]]
name = "tinystr"
version = "0.8.0"
source = "registry+https://github.com/rust-lang/crates.io-index"
checksum = "b2b56a820bb70060f096338fcc02edb78cb3f8fb21c5078503f48588cfcaf494"
dependencies = [
 "databake",
 "displaydoc",
 "serde",
 "zerovec",
]

[[package]]
name = "toml"
version = "0.5.11"
source = "registry+https://github.com/rust-lang/crates.io-index"
checksum = "f4f7f0dd8d50a853a531c426359045b1998f04219d88799810762cd4ad314234"
dependencies = [
 "serde",
]

[[package]]
name = "twox-hash"
version = "2.1.0"
source = "registry+https://github.com/rust-lang/crates.io-index"
checksum = "e7b17f197b3050ba473acf9181f7b1d3b66d1cf7356c6cc57886662276e65908"

[[package]]
name = "unicode-ident"
version = "1.0.14"
source = "registry+https://github.com/rust-lang/crates.io-index"
checksum = "adb9e6ca4f869e1180728b7950e35922a7fc6397f7b641499e8f3ef06e50dc83"

[[package]]
name = "utf16_iter"
version = "1.0.5"
source = "registry+https://github.com/rust-lang/crates.io-index"
checksum = "c8232dd3cdaed5356e0f716d285e4b40b932ac434100fe9b7e0e8e935b9e6246"

[[package]]
name = "utf8_iter"
version = "1.0.4"
source = "registry+https://github.com/rust-lang/crates.io-index"
checksum = "b6c140620e7ffbb22c2dee59cafe6084a59b5ffc27a8859a5f0d494b5d52b6be"

[[package]]
name = "winapi"
version = "0.3.9"
source = "registry+https://github.com/rust-lang/crates.io-index"
checksum = "5c839a674fcd7a98952e593242ea400abe93992746761e38641405d28b00f419"
dependencies = [
 "winapi-i686-pc-windows-gnu",
 "winapi-x86_64-pc-windows-gnu",
]

[[package]]
name = "winapi-i686-pc-windows-gnu"
version = "0.4.0"
source = "registry+https://github.com/rust-lang/crates.io-index"
checksum = "ac3b87c63620426dd9b991e5ce0329eff545bccbbb34f3be09ff6fb6ab51b7b6"

[[package]]
name = "winapi-util"
version = "0.1.9"
source = "registry+https://github.com/rust-lang/crates.io-index"
checksum = "cf221c93e13a30d793f7645a0e7762c55d169dbb0a49671918a2319d289b10bb"
dependencies = [
 "windows-sys",
]

[[package]]
name = "winapi-x86_64-pc-windows-gnu"
version = "0.4.0"
source = "registry+https://github.com/rust-lang/crates.io-index"
checksum = "712e227841d057c1ee1cd2fb22fa7e5a5461ae8e48fa2ca79ec42cfc1931183f"

[[package]]
name = "windows-sys"
version = "0.59.0"
source = "registry+https://github.com/rust-lang/crates.io-index"
checksum = "1e38bc4d79ed67fd075bcc251a1c39b32a1776bbe92e5bef1f0bf1f8c531853b"
dependencies = [
 "windows-targets",
]

[[package]]
name = "windows-targets"
version = "0.52.6"
source = "registry+https://github.com/rust-lang/crates.io-index"
checksum = "9b724f72796e036ab90c1021d4780d4d3d648aca59e491e6b98e725b84e99973"
dependencies = [
 "windows_aarch64_gnullvm",
 "windows_aarch64_msvc",
 "windows_i686_gnu",
 "windows_i686_gnullvm",
 "windows_i686_msvc",
 "windows_x86_64_gnu",
 "windows_x86_64_gnullvm",
 "windows_x86_64_msvc",
]

[[package]]
name = "windows_aarch64_gnullvm"
version = "0.52.6"
source = "registry+https://github.com/rust-lang/crates.io-index"
checksum = "32a4622180e7a0ec044bb555404c800bc9fd9ec262ec147edd5989ccd0c02cd3"

[[package]]
name = "windows_aarch64_msvc"
version = "0.52.6"
source = "registry+https://github.com/rust-lang/crates.io-index"
checksum = "09ec2a7bb152e2252b53fa7803150007879548bc709c039df7627cabbd05d469"

[[package]]
name = "windows_i686_gnu"
version = "0.52.6"
source = "registry+https://github.com/rust-lang/crates.io-index"
checksum = "8e9b5ad5ab802e97eb8e295ac6720e509ee4c243f69d781394014ebfe8bbfa0b"

[[package]]
name = "windows_i686_gnullvm"
version = "0.52.6"
source = "registry+https://github.com/rust-lang/crates.io-index"
checksum = "0eee52d38c090b3caa76c563b86c3a4bd71ef1a819287c19d586d7334ae8ed66"

[[package]]
name = "windows_i686_msvc"
version = "0.52.6"
source = "registry+https://github.com/rust-lang/crates.io-index"
checksum = "240948bc05c5e7c6dabba28bf89d89ffce3e303022809e73deaefe4f6ec56c66"

[[package]]
name = "windows_x86_64_gnu"
version = "0.52.6"
source = "registry+https://github.com/rust-lang/crates.io-index"
checksum = "147a5c80aabfbf0c7d901cb5895d1de30ef2907eb21fbbab29ca94c5b08b1a78"

[[package]]
name = "windows_x86_64_gnullvm"
version = "0.52.6"
source = "registry+https://github.com/rust-lang/crates.io-index"
checksum = "24d5b23dc417412679681396f2b49f3de8c1473deb516bd34410872eff51ed0d"

[[package]]
name = "windows_x86_64_msvc"
version = "0.52.6"
source = "registry+https://github.com/rust-lang/crates.io-index"
checksum = "589f6da84c646204747d1270a2a5661ea66ed1cced2631d546fdfb155959f9ec"

[[package]]
name = "write16"
version = "1.0.0"
source = "registry+https://github.com/rust-lang/crates.io-index"
checksum = "d1890f4022759daae28ed4fe62859b1236caebfc61ede2f63ed4e695f3f6d936"

[[package]]
name = "writeable"
version = "0.6.0"
source = "registry+https://github.com/rust-lang/crates.io-index"
checksum = "74b3b5b7c6114bf7253093603034e102d479ecc8501deca33b6c1c816418b6d2"
dependencies = [
 "either",
]

[[package]]
name = "yoke"
version = "0.7.5"
source = "registry+https://github.com/rust-lang/crates.io-index"
checksum = "120e6aef9aa629e3d4f52dc8cc43a015c7724194c97dfaf45180d2daf2b77f40"
dependencies = [
 "stable_deref_trait",
 "yoke-derive 0.7.5",
 "zerofrom",
]

[[package]]
name = "yoke"
version = "0.8.0"
source = "registry+https://github.com/rust-lang/crates.io-index"
checksum = "5f41bb01b8226ef4bfd589436a297c53d118f65921786300e427be8d487695cc"
dependencies = [
 "serde",
 "stable_deref_trait",
 "yoke-derive 0.8.0",
 "zerofrom",
]

[[package]]
name = "yoke-derive"
version = "0.7.5"
source = "registry+https://github.com/rust-lang/crates.io-index"
checksum = "2380878cad4ac9aac1e2435f3eb4020e8374b5f13c296cb75b4620ff8e229154"
dependencies = [
 "proc-macro2",
 "quote",
 "syn",
 "synstructure",
]

[[package]]
name = "yoke-derive"
version = "0.8.0"
source = "registry+https://github.com/rust-lang/crates.io-index"
checksum = "38da3c9736e16c5d3c8c597a9aaa5d1fa565d0532ae05e27c24aa62fb32c0ab6"
dependencies = [
 "proc-macro2",
 "quote",
 "syn",
 "synstructure",
]

[[package]]
name = "zerofrom"
version = "0.1.5"
source = "registry+https://github.com/rust-lang/crates.io-index"
checksum = "cff3ee08c995dee1859d998dea82f7374f2826091dd9cd47def953cae446cd2e"
dependencies = [
 "zerofrom-derive",
]

[[package]]
name = "zerofrom-derive"
version = "0.1.5"
source = "registry+https://github.com/rust-lang/crates.io-index"
checksum = "595eed982f7d355beb85837f651fa22e90b3c044842dc7f2c2842c086f295808"
dependencies = [
 "proc-macro2",
 "quote",
 "syn",
 "synstructure",
]

[[package]]
name = "zerotrie"
version = "0.2.0"
source = "registry+https://github.com/rust-lang/crates.io-index"
checksum = "fa766b97d68da210d29cc0bc8d072d87de9359cb998e4bc30ab4982a1c795d47"
dependencies = [
 "databake",
 "displaydoc",
 "litemap",
 "serde",
 "yoke 0.7.5",
 "zerofrom",
 "zerovec",
]

[[package]]
name = "zerovec"
version = "0.11.1"
source = "registry+https://github.com/rust-lang/crates.io-index"
checksum = "94e62113720e311984f461c56b00457ae9981c0bc7859d22306cc2ae2f95571c"
dependencies = [
 "databake",
 "serde",
 "yoke 0.8.0",
 "zerofrom",
 "zerovec-derive",
]

[[package]]
name = "zerovec-derive"
version = "0.11.1"
source = "registry+https://github.com/rust-lang/crates.io-index"
checksum = "5b96237efa0c878c64bd89c436f661be4e46b2f3eff1ebb976f7ef2321d2f58f"
dependencies = [
 "proc-macro2",
 "quote",
 "syn",
]

[[package]]
name = "zip"
version = "0.6.6"
source = "registry+https://github.com/rust-lang/crates.io-index"
checksum = "760394e246e4c28189f19d488c058bf16f564016aefac5d32bb1f3b51d5e9261"
dependencies = [
 "byteorder",
 "crc32fast",
 "crossbeam-utils",
 "flate2",
]
