{
  "name": "unicode-conformance-testgen",
  "version": "0.0.0",
  "lockfileVersion": 1,
  "requires": true,
  "dependencies": {
    "temporal-polyfill": {
      "version": "0.2.5",
      "resolved": "https://registry.npmjs.org/temporal-polyfill/-/temporal-polyfill-0.2.5.tgz",
      "integrity": "sha512-ye47xp8Cb0nDguAhrrDS1JT1SzwEV9e26sSsrWzVu+yPZ7LzceEcH0i2gci9jWfOfSCCgM3Qv5nOYShVUUFUXA==",
      "requires": {
        "temporal-spec": "^0.2.4"
      }
    },
    "temporal-spec": {
      "version": "0.2.4",
      "resolved": "https://registry.npmjs.org/temporal-spec/-/temporal-spec-0.2.4.tgz",
      "integrity": "sha512-lDMFv4nKQrSjlkHKAlHVqKrBG4DyFfa9F74cmBZ3Iy3ed8yvWnlWSIdi4IKfSqwmazAohBNwiN64qGx4y5Q3IQ=="
    }
  }
}
